// !$*UTF8*$!
{
	archiveVersion = 1;
	classes = {
	};
	objectVersion = 51;
	objects = {

/* Begin PBXBuildFile section */
		410BF7B62E5957582A0303BD /* Pods_Regions_Application.framework in Frameworks */ = {isa = PBXBuildFile; fileRef = C33AA737D36D0168C8C1335A /* Pods_Regions_Application.framework */; };
		7203DAAB26C428FB0057BA20 /* RussiaViewController.swift in Sources */ = {isa = PBXBuildFile; fileRef = 72D4B1F326C17F840029AB3C /* RussiaViewController.swift */; };
		7203DABA26C42C290057BA20 /* APIServices.swift in Sources */ = {isa = PBXBuildFile; fileRef = 7203DAB926C42C290057BA20 /* APIServices.swift */; };
		7224631E26C45FDB00D7E215 /* SlideTransition.swift in Sources */ = {isa = PBXBuildFile; fileRef = 7224631D26C45FDB00D7E215 /* SlideTransition.swift */; };
		7224632326C470DB00D7E215 /* UkraineViewController.swift in Sources */ = {isa = PBXBuildFile; fileRef = 7224632226C470DB00D7E215 /* UkraineViewController.swift */; };
		72423E5226C424CD0081B3E9 /* OrderData.swift in Sources */ = {isa = PBXBuildFile; fileRef = 72423E5126C424CD0081B3E9 /* OrderData.swift */; };
		7297551926C42717003E87D2 /* LoadJson.swift in Sources */ = {isa = PBXBuildFile; fileRef = 7297550926C426C0003E87D2 /* LoadJson.swift */; };
		72A11A7D26C4556C004F8FCB /* Messages.swift in Sources */ = {isa = PBXBuildFile; fileRef = 72A11A7C26C4556C004F8FCB /* Messages.swift */; };
		72D4B1F026C17F840029AB3C /* AppDelegate.swift in Sources */ = {isa = PBXBuildFile; fileRef = 72D4B1EF26C17F840029AB3C /* AppDelegate.swift */; };
		72D4B1F226C17F840029AB3C /* SceneDelegate.swift in Sources */ = {isa = PBXBuildFile; fileRef = 72D4B1F126C17F840029AB3C /* SceneDelegate.swift */; };
		72D4B1F726C17F840029AB3C /* Main.storyboard in Resources */ = {isa = PBXBuildFile; fileRef = 72D4B1F526C17F840029AB3C /* Main.storyboard */; };
		72D4B1FA26C17F840029AB3C /* Regions_Application.xcdatamodeld in Sources */ = {isa = PBXBuildFile; fileRef = 72D4B1F826C17F840029AB3C /* Regions_Application.xcdatamodeld */; };
		72D4B1FC26C17F850029AB3C /* Assets.xcassets in Resources */ = {isa = PBXBuildFile; fileRef = 72D4B1FB26C17F850029AB3C /* Assets.xcassets */; };
		72D4B1FF26C17F850029AB3C /* LaunchScreen.storyboard in Resources */ = {isa = PBXBuildFile; fileRef = 72D4B1FD26C17F850029AB3C /* LaunchScreen.storyboard */; };
		72D4B20A26C17F850029AB3C /* Regions_ApplicationTests.swift in Sources */ = {isa = PBXBuildFile; fileRef = 72D4B20926C17F850029AB3C /* Regions_ApplicationTests.swift */; };
		72D4B21526C17F850029AB3C /* Regions_ApplicationUITests.swift in Sources */ = {isa = PBXBuildFile; fileRef = 72D4B21426C17F850029AB3C /* Regions_ApplicationUITests.swift */; };
		72D4B22626C180FF0029AB3C /* MenuTableView.swift in Sources */ = {isa = PBXBuildFile; fileRef = 72D4B22526C180FF0029AB3C /* MenuTableView.swift */; };
		72DDF74B26C4157E003555F9 /* regions.json in Resources */ = {isa = PBXBuildFile; fileRef = 72DDF74A26C4157E003555F9 /* regions.json */; };
		72E16EAD26C432EF00FB3D57 /* Reachability.swift in Sources */ = {isa = PBXBuildFile; fileRef = 72E16EAC26C432EF00FB3D57 /* Reachability.swift */; };
		9AE33667EE3D03D29006A7FC /* Pods_Regions_Application_Regions_ApplicationUITests.framework in Frameworks */ = {isa = PBXBuildFile; fileRef = 96A8ED876FA74393F460EDAF /* Pods_Regions_Application_Regions_ApplicationUITests.framework */; };
		C5ADB965DB39FDFBA8978CB0 /* Pods_Regions_ApplicationTests.framework in Frameworks */ = {isa = PBXBuildFile; fileRef = 2B7B2696D83BE16A3C13C49F /* Pods_Regions_ApplicationTests.framework */; };
/* End PBXBuildFile section */

/* Begin PBXContainerItemProxy section */
		72D4B20626C17F850029AB3C /* PBXContainerItemProxy */ = {
			isa = PBXContainerItemProxy;
			containerPortal = 72D4B1E426C17F840029AB3C /* Project object */;
			proxyType = 1;
			remoteGlobalIDString = 72D4B1EB26C17F840029AB3C;
			remoteInfo = "Regions-Application";
		};
		72D4B21126C17F850029AB3C /* PBXContainerItemProxy */ = {
			isa = PBXContainerItemProxy;
			containerPortal = 72D4B1E426C17F840029AB3C /* Project object */;
			proxyType = 1;
			remoteGlobalIDString = 72D4B1EB26C17F840029AB3C;
			remoteInfo = "Regions-Application";
		};
/* End PBXContainerItemProxy section */

/* Begin PBXFileReference section */
		2B7B2696D83BE16A3C13C49F /* Pods_Regions_ApplicationTests.framework */ = {isa = PBXFileReference; explicitFileType = wrapper.framework; includeInIndex = 0; path = Pods_Regions_ApplicationTests.framework; sourceTree = BUILT_PRODUCTS_DIR; };
		2D99F8390AB2BAAEF33BCA62 /* Pods-Regions-Application-Regions-ApplicationUITests.debug.xcconfig */ = {isa = PBXFileReference; includeInIndex = 1; lastKnownFileType = text.xcconfig; name = "Pods-Regions-Application-Regions-ApplicationUITests.debug.xcconfig"; path = "Target Support Files/Pods-Regions-Application-Regions-ApplicationUITests/Pods-Regions-Application-Regions-ApplicationUITests.debug.xcconfig"; sourceTree = "<group>"; };
		354A2027BC5DBCB65A4CAB6F /* Pods-Regions-Application.debug.xcconfig */ = {isa = PBXFileReference; includeInIndex = 1; lastKnownFileType = text.xcconfig; name = "Pods-Regions-Application.debug.xcconfig"; path = "Target Support Files/Pods-Regions-Application/Pods-Regions-Application.debug.xcconfig"; sourceTree = "<group>"; };
		60A3AE642895E20BD1677303 /* Pods-Regions-Application.release.xcconfig */ = {isa = PBXFileReference; includeInIndex = 1; lastKnownFileType = text.xcconfig; name = "Pods-Regions-Application.release.xcconfig"; path = "Target Support Files/Pods-Regions-Application/Pods-Regions-Application.release.xcconfig"; sourceTree = "<group>"; };
		7203DAB926C42C290057BA20 /* APIServices.swift */ = {isa = PBXFileReference; lastKnownFileType = sourcecode.swift; path = APIServices.swift; sourceTree = "<group>"; };
		7224631D26C45FDB00D7E215 /* SlideTransition.swift */ = {isa = PBXFileReference; lastKnownFileType = sourcecode.swift; path = SlideTransition.swift; sourceTree = "<group>"; };
		7224632226C470DB00D7E215 /* UkraineViewController.swift */ = {isa = PBXFileReference; lastKnownFileType = sourcecode.swift; path = UkraineViewController.swift; sourceTree = "<group>"; };
		72423E5126C424CD0081B3E9 /* OrderData.swift */ = {isa = PBXFileReference; lastKnownFileType = sourcecode.swift; path = OrderData.swift; sourceTree = "<group>"; };
		7297550926C426C0003E87D2 /* LoadJson.swift */ = {isa = PBXFileReference; lastKnownFileType = sourcecode.swift; path = LoadJson.swift; sourceTree = "<group>"; };
		72A11A7C26C4556C004F8FCB /* Messages.swift */ = {isa = PBXFileReference; lastKnownFileType = sourcecode.swift; path = Messages.swift; sourceTree = "<group>"; };
		72D4B1EC26C17F840029AB3C /* Regions-Application.app */ = {isa = PBXFileReference; explicitFileType = wrapper.application; includeInIndex = 0; path = "Regions-Application.app"; sourceTree = BUILT_PRODUCTS_DIR; };
		72D4B1EF26C17F840029AB3C /* AppDelegate.swift */ = {isa = PBXFileReference; lastKnownFileType = sourcecode.swift; path = AppDelegate.swift; sourceTree = "<group>"; };
		72D4B1F126C17F840029AB3C /* SceneDelegate.swift */ = {isa = PBXFileReference; lastKnownFileType = sourcecode.swift; path = SceneDelegate.swift; sourceTree = "<group>"; };
		72D4B1F326C17F840029AB3C /* RussiaViewController.swift */ = {isa = PBXFileReference; lastKnownFileType = sourcecode.swift; path = RussiaViewController.swift; sourceTree = "<group>"; };
		72D4B1F626C17F840029AB3C /* Base */ = {isa = PBXFileReference; lastKnownFileType = file.storyboard; name = Base; path = Base.lproj/Main.storyboard; sourceTree = "<group>"; };
		72D4B1F926C17F840029AB3C /* Regions_Application.xcdatamodel */ = {isa = PBXFileReference; lastKnownFileType = wrapper.xcdatamodel; path = Regions_Application.xcdatamodel; sourceTree = "<group>"; };
		72D4B1FB26C17F850029AB3C /* Assets.xcassets */ = {isa = PBXFileReference; lastKnownFileType = folder.assetcatalog; path = Assets.xcassets; sourceTree = "<group>"; };
		72D4B1FE26C17F850029AB3C /* Base */ = {isa = PBXFileReference; lastKnownFileType = file.storyboard; name = Base; path = Base.lproj/LaunchScreen.storyboard; sourceTree = "<group>"; };
		72D4B20026C17F850029AB3C /* Info.plist */ = {isa = PBXFileReference; lastKnownFileType = text.plist.xml; path = Info.plist; sourceTree = "<group>"; };
		72D4B20526C17F850029AB3C /* Regions-ApplicationTests.xctest */ = {isa = PBXFileReference; explicitFileType = wrapper.cfbundle; includeInIndex = 0; path = "Regions-ApplicationTests.xctest"; sourceTree = BUILT_PRODUCTS_DIR; };
		72D4B20926C17F850029AB3C /* Regions_ApplicationTests.swift */ = {isa = PBXFileReference; lastKnownFileType = sourcecode.swift; path = Regions_ApplicationTests.swift; sourceTree = "<group>"; };
		72D4B20B26C17F850029AB3C /* Info.plist */ = {isa = PBXFileReference; lastKnownFileType = text.plist.xml; path = Info.plist; sourceTree = "<group>"; };
		72D4B21026C17F850029AB3C /* Regions-ApplicationUITests.xctest */ = {isa = PBXFileReference; explicitFileType = wrapper.cfbundle; includeInIndex = 0; path = "Regions-ApplicationUITests.xctest"; sourceTree = BUILT_PRODUCTS_DIR; };
		72D4B21426C17F850029AB3C /* Regions_ApplicationUITests.swift */ = {isa = PBXFileReference; lastKnownFileType = sourcecode.swift; path = Regions_ApplicationUITests.swift; sourceTree = "<group>"; };
		72D4B21626C17F850029AB3C /* Info.plist */ = {isa = PBXFileReference; lastKnownFileType = text.plist.xml; path = Info.plist; sourceTree = "<group>"; };
		72D4B22526C180FF0029AB3C /* MenuTableView.swift */ = {isa = PBXFileReference; lastKnownFileType = sourcecode.swift; path = MenuTableView.swift; sourceTree = "<group>"; };
		72DDF74A26C4157E003555F9 /* regions.json */ = {isa = PBXFileReference; lastKnownFileType = text.json; path = regions.json; sourceTree = "<group>"; };
		72E16EAC26C432EF00FB3D57 /* Reachability.swift */ = {isa = PBXFileReference; lastKnownFileType = sourcecode.swift; path = Reachability.swift; sourceTree = "<group>"; };
		96A8ED876FA74393F460EDAF /* Pods_Regions_Application_Regions_ApplicationUITests.framework */ = {isa = PBXFileReference; explicitFileType = wrapper.framework; includeInIndex = 0; path = Pods_Regions_Application_Regions_ApplicationUITests.framework; sourceTree = BUILT_PRODUCTS_DIR; };
		A63C7C07877B56AFBD81CFD3 /* Pods-Regions-Application-Regions-ApplicationUITests.release.xcconfig */ = {isa = PBXFileReference; includeInIndex = 1; lastKnownFileType = text.xcconfig; name = "Pods-Regions-Application-Regions-ApplicationUITests.release.xcconfig"; path = "Target Support Files/Pods-Regions-Application-Regions-ApplicationUITests/Pods-Regions-Application-Regions-ApplicationUITests.release.xcconfig"; sourceTree = "<group>"; };
		C33AA737D36D0168C8C1335A /* Pods_Regions_Application.framework */ = {isa = PBXFileReference; explicitFileType = wrapper.framework; includeInIndex = 0; path = Pods_Regions_Application.framework; sourceTree = BUILT_PRODUCTS_DIR; };
		D0DCAE0E2623332AA13EADC0 /* Pods-Regions-ApplicationTests.debug.xcconfig */ = {isa = PBXFileReference; includeInIndex = 1; lastKnownFileType = text.xcconfig; name = "Pods-Regions-ApplicationTests.debug.xcconfig"; path = "Target Support Files/Pods-Regions-ApplicationTests/Pods-Regions-ApplicationTests.debug.xcconfig"; sourceTree = "<group>"; };
		DF5A87C19A9838BC3B967BA1 /* Pods-Regions-ApplicationTests.release.xcconfig */ = {isa = PBXFileReference; includeInIndex = 1; lastKnownFileType = text.xcconfig; name = "Pods-Regions-ApplicationTests.release.xcconfig"; path = "Target Support Files/Pods-Regions-ApplicationTests/Pods-Regions-ApplicationTests.release.xcconfig"; sourceTree = "<group>"; };
/* End PBXFileReference section */

/* Begin PBXFrameworksBuildPhase section */
		72D4B1E926C17F840029AB3C /* Frameworks */ = {
			isa = PBXFrameworksBuildPhase;
			buildActionMask = 2147483647;
			files = (
				410BF7B62E5957582A0303BD /* Pods_Regions_Application.framework in Frameworks */,
			);
			runOnlyForDeploymentPostprocessing = 0;
		};
		72D4B20226C17F850029AB3C /* Frameworks */ = {
			isa = PBXFrameworksBuildPhase;
			buildActionMask = 2147483647;
			files = (
				C5ADB965DB39FDFBA8978CB0 /* Pods_Regions_ApplicationTests.framework in Frameworks */,
			);
			runOnlyForDeploymentPostprocessing = 0;
		};
		72D4B20D26C17F850029AB3C /* Frameworks */ = {
			isa = PBXFrameworksBuildPhase;
			buildActionMask = 2147483647;
			files = (
				9AE33667EE3D03D29006A7FC /* Pods_Regions_Application_Regions_ApplicationUITests.framework in Frameworks */,
			);
			runOnlyForDeploymentPostprocessing = 0;
		};
/* End PBXFrameworksBuildPhase section */

/* Begin PBXGroup section */
		62D948CFED5A27A5D4283174 /* Pods */ = {
			isa = PBXGroup;
			children = (
				354A2027BC5DBCB65A4CAB6F /* Pods-Regions-Application.debug.xcconfig */,
				60A3AE642895E20BD1677303 /* Pods-Regions-Application.release.xcconfig */,
				2D99F8390AB2BAAEF33BCA62 /* Pods-Regions-Application-Regions-ApplicationUITests.debug.xcconfig */,
				A63C7C07877B56AFBD81CFD3 /* Pods-Regions-Application-Regions-ApplicationUITests.release.xcconfig */,
				D0DCAE0E2623332AA13EADC0 /* Pods-Regions-ApplicationTests.debug.xcconfig */,
				DF5A87C19A9838BC3B967BA1 /* Pods-Regions-ApplicationTests.release.xcconfig */,
			);
			path = Pods;
			sourceTree = "<group>";
		};
		63D01F0EEEE74647EDF287F8 /* Frameworks */ = {
			isa = PBXGroup;
			children = (
				C33AA737D36D0168C8C1335A /* Pods_Regions_Application.framework */,
				96A8ED876FA74393F460EDAF /* Pods_Regions_Application_Regions_ApplicationUITests.framework */,
				2B7B2696D83BE16A3C13C49F /* Pods_Regions_ApplicationTests.framework */,
			);
			name = Frameworks;
			sourceTree = "<group>";
		};
		72A11A7B26C45553004F8FCB /* Helpers */ = {
			isa = PBXGroup;
			children = (
				7203DAB926C42C290057BA20 /* APIServices.swift */,
				72A11A7C26C4556C004F8FCB /* Messages.swift */,
			);
			path = Helpers;
			sourceTree = "<group>";
		};
		72D4B1E326C17F840029AB3C = {
			isa = PBXGroup;
			children = (
				72DDF74A26C4157E003555F9 /* regions.json */,
				72D4B1EE26C17F840029AB3C /* Regions-Application */,
				72D4B20826C17F850029AB3C /* Regions-ApplicationTests */,
				72D4B21326C17F850029AB3C /* Regions-ApplicationUITests */,
				72D4B1ED26C17F840029AB3C /* Products */,
				62D948CFED5A27A5D4283174 /* Pods */,
				63D01F0EEEE74647EDF287F8 /* Frameworks */,
			);
			sourceTree = "<group>";
		};
		72D4B1ED26C17F840029AB3C /* Products */ = {
			isa = PBXGroup;
			children = (
				72D4B1EC26C17F840029AB3C /* Regions-Application.app */,
				72D4B20526C17F850029AB3C /* Regions-ApplicationTests.xctest */,
				72D4B21026C17F850029AB3C /* Regions-ApplicationUITests.xctest */,
			);
			name = Products;
			sourceTree = "<group>";
		};
		72D4B1EE26C17F840029AB3C /* Regions-Application */ = {
			isa = PBXGroup;
			children = (
				72A11A7B26C45553004F8FCB /* Helpers */,
				72D4B1EF26C17F840029AB3C /* AppDelegate.swift */,
				72D4B1F126C17F840029AB3C /* SceneDelegate.swift */,
				72D4B1F326C17F840029AB3C /* RussiaViewController.swift */,
				72D4B1F526C17F840029AB3C /* Main.storyboard */,
				72D4B1FB26C17F850029AB3C /* Assets.xcassets */,
				72D4B1FD26C17F850029AB3C /* LaunchScreen.storyboard */,
				72D4B20026C17F850029AB3C /* Info.plist */,
				72D4B1F826C17F840029AB3C /* Regions_Application.xcdatamodeld */,
				72D4B22526C180FF0029AB3C /* MenuTableView.swift */,
				72423E5126C424CD0081B3E9 /* OrderData.swift */,
				7297550926C426C0003E87D2 /* LoadJson.swift */,
				72E16EAC26C432EF00FB3D57 /* Reachability.swift */,
				7224631D26C45FDB00D7E215 /* SlideTransition.swift */,
				7224632226C470DB00D7E215 /* UkraineViewController.swift */,
			);
			path = "Regions-Application";
			sourceTree = "<group>";
		};
		72D4B20826C17F850029AB3C /* Regions-ApplicationTests */ = {
			isa = PBXGroup;
			children = (
				72D4B20926C17F850029AB3C /* Regions_ApplicationTests.swift */,
				72D4B20B26C17F850029AB3C /* Info.plist */,
			);
			path = "Regions-ApplicationTests";
			sourceTree = "<group>";
		};
		72D4B21326C17F850029AB3C /* Regions-ApplicationUITests */ = {
			isa = PBXGroup;
			children = (
				72D4B21426C17F850029AB3C /* Regions_ApplicationUITests.swift */,
				72D4B21626C17F850029AB3C /* Info.plist */,
			);
			path = "Regions-ApplicationUITests";
			sourceTree = "<group>";
		};
/* End PBXGroup section */

/* Begin PBXNativeTarget section */
		72D4B1EB26C17F840029AB3C /* Regions-Application */ = {
			isa = PBXNativeTarget;
			buildConfigurationList = 72D4B21926C17F850029AB3C /* Build configuration list for PBXNativeTarget "Regions-Application" */;
			buildPhases = (
				22F7D66C9D53F24A2A67FF86 /* [CP] Check Pods Manifest.lock */,
				72D4B1E826C17F840029AB3C /* Sources */,
				72D4B1E926C17F840029AB3C /* Frameworks */,
				72D4B1EA26C17F840029AB3C /* Resources */,
				18AEC9FC439CD76515874D69 /* [CP] Embed Pods Frameworks */,
			);
			buildRules = (
			);
			dependencies = (
			);
			name = "Regions-Application";
			productName = "Regions-Application";
			productReference = 72D4B1EC26C17F840029AB3C /* Regions-Application.app */;
			productType = "com.apple.product-type.application";
		};
		72D4B20426C17F850029AB3C /* Regions-ApplicationTests */ = {
			isa = PBXNativeTarget;
			buildConfigurationList = 72D4B21C26C17F850029AB3C /* Build configuration list for PBXNativeTarget "Regions-ApplicationTests" */;
			buildPhases = (
				2EDE1AE468BDEA72A9E97386 /* [CP] Check Pods Manifest.lock */,
				72D4B20126C17F850029AB3C /* Sources */,
				72D4B20226C17F850029AB3C /* Frameworks */,
				72D4B20326C17F850029AB3C /* Resources */,
			);
			buildRules = (
			);
			dependencies = (
				72D4B20726C17F850029AB3C /* PBXTargetDependency */,
			);
			name = "Regions-ApplicationTests";
			productName = "Regions-ApplicationTests";
			productReference = 72D4B20526C17F850029AB3C /* Regions-ApplicationTests.xctest */;
			productType = "com.apple.product-type.bundle.unit-test";
		};
		72D4B20F26C17F850029AB3C /* Regions-ApplicationUITests */ = {
			isa = PBXNativeTarget;
			buildConfigurationList = 72D4B21F26C17F850029AB3C /* Build configuration list for PBXNativeTarget "Regions-ApplicationUITests" */;
			buildPhases = (
				EB0564488E5D249B45686438 /* [CP] Check Pods Manifest.lock */,
				72D4B20C26C17F850029AB3C /* Sources */,
				72D4B20D26C17F850029AB3C /* Frameworks */,
				72D4B20E26C17F850029AB3C /* Resources */,
				E48B53A6F2700AA259135D89 /* [CP] Embed Pods Frameworks */,
			);
			buildRules = (
			);
			dependencies = (
				72D4B21226C17F850029AB3C /* PBXTargetDependency */,
			);
			name = "Regions-ApplicationUITests";
			productName = "Regions-ApplicationUITests";
			productReference = 72D4B21026C17F850029AB3C /* Regions-ApplicationUITests.xctest */;
			productType = "com.apple.product-type.bundle.ui-testing";
		};
/* End PBXNativeTarget section */

/* Begin PBXProject section */
		72D4B1E426C17F840029AB3C /* Project object */ = {
			isa = PBXProject;
			attributes = {
				LastSwiftUpdateCheck = 1200;
				LastUpgradeCheck = 1200;
				TargetAttributes = {
					72D4B1EB26C17F840029AB3C = {
						CreatedOnToolsVersion = 12.0;
					};
					72D4B20426C17F850029AB3C = {
						CreatedOnToolsVersion = 12.0;
						TestTargetID = 72D4B1EB26C17F840029AB3C;
					};
					72D4B20F26C17F850029AB3C = {
						CreatedOnToolsVersion = 12.0;
						TestTargetID = 72D4B1EB26C17F840029AB3C;
					};
				};
			};
			buildConfigurationList = 72D4B1E726C17F840029AB3C /* Build configuration list for PBXProject "Regions-Application" */;
			compatibilityVersion = "Xcode 9.3";
			developmentRegion = en;
			hasScannedForEncodings = 0;
			knownRegions = (
				en,
				Base,
			);
			mainGroup = 72D4B1E326C17F840029AB3C;
			productRefGroup = 72D4B1ED26C17F840029AB3C /* Products */;
			projectDirPath = "";
			projectRoot = "";
			targets = (
				72D4B1EB26C17F840029AB3C /* Regions-Application */,
				72D4B20426C17F850029AB3C /* Regions-ApplicationTests */,
				72D4B20F26C17F850029AB3C /* Regions-ApplicationUITests */,
			);
		};
/* End PBXProject section */

/* Begin PBXResourcesBuildPhase section */
		72D4B1EA26C17F840029AB3C /* Resources */ = {
			isa = PBXResourcesBuildPhase;
			buildActionMask = 2147483647;
			files = (
				72D4B1FF26C17F850029AB3C /* LaunchScreen.storyboard in Resources */,
				72D4B1FC26C17F850029AB3C /* Assets.xcassets in Resources */,
				72D4B1F726C17F840029AB3C /* Main.storyboard in Resources */,
				72DDF74B26C4157E003555F9 /* regions.json in Resources */,
			);
			runOnlyForDeploymentPostprocessing = 0;
		};
		72D4B20326C17F850029AB3C /* Resources */ = {
			isa = PBXResourcesBuildPhase;
			buildActionMask = 2147483647;
			files = (
			);
			runOnlyForDeploymentPostprocessing = 0;
		};
		72D4B20E26C17F850029AB3C /* Resources */ = {
			isa = PBXResourcesBuildPhase;
			buildActionMask = 2147483647;
			files = (
			);
			runOnlyForDeploymentPostprocessing = 0;
		};
/* End PBXResourcesBuildPhase section */

/* Begin PBXShellScriptBuildPhase section */
		18AEC9FC439CD76515874D69 /* [CP] Embed Pods Frameworks */ = {
			isa = PBXShellScriptBuildPhase;
			buildActionMask = 2147483647;
			files = (
			);
			inputFileListPaths = (
				"${PODS_ROOT}/Target Support Files/Pods-Regions-Application/Pods-Regions-Application-frameworks-${CONFIGURATION}-input-files.xcfilelist",
			);
			name = "[CP] Embed Pods Frameworks";
			outputFileListPaths = (
				"${PODS_ROOT}/Target Support Files/Pods-Regions-Application/Pods-Regions-Application-frameworks-${CONFIGURATION}-output-files.xcfilelist",
			);
			runOnlyForDeploymentPostprocessing = 0;
			shellPath = /bin/sh;
			shellScript = "\"${PODS_ROOT}/Target Support Files/Pods-Regions-Application/Pods-Regions-Application-frameworks.sh\"\n";
			showEnvVarsInLog = 0;
		};
		22F7D66C9D53F24A2A67FF86 /* [CP] Check Pods Manifest.lock */ = {
			isa = PBXShellScriptBuildPhase;
			buildActionMask = 2147483647;
			files = (
			);
			inputFileListPaths = (
			);
			inputPaths = (
				"${PODS_PODFILE_DIR_PATH}/Podfile.lock",
				"${PODS_ROOT}/Manifest.lock",
			);
			name = "[CP] Check Pods Manifest.lock";
			outputFileListPaths = (
			);
			outputPaths = (
				"$(DERIVED_FILE_DIR)/Pods-Regions-Application-checkManifestLockResult.txt",
			);
			runOnlyForDeploymentPostprocessing = 0;
			shellPath = /bin/sh;
			shellScript = "diff \"${PODS_PODFILE_DIR_PATH}/Podfile.lock\" \"${PODS_ROOT}/Manifest.lock\" > /dev/null\nif [ $? != 0 ] ; then\n    # print error to STDERR\n    echo \"error: The sandbox is not in sync with the Podfile.lock. Run 'pod install' or update your CocoaPods installation.\" >&2\n    exit 1\nfi\n# This output is used by Xcode 'outputs' to avoid re-running this script phase.\necho \"SUCCESS\" > \"${SCRIPT_OUTPUT_FILE_0}\"\n";
			showEnvVarsInLog = 0;
		};
		2EDE1AE468BDEA72A9E97386 /* [CP] Check Pods Manifest.lock */ = {
			isa = PBXShellScriptBuildPhase;
			buildActionMask = 2147483647;
			files = (
			);
			inputFileListPaths = (
			);
			inputPaths = (
				"${PODS_PODFILE_DIR_PATH}/Podfile.lock",
				"${PODS_ROOT}/Manifest.lock",
			);
			name = "[CP] Check Pods Manifest.lock";
			outputFileListPaths = (
			);
			outputPaths = (
				"$(DERIVED_FILE_DIR)/Pods-Regions-ApplicationTests-checkManifestLockResult.txt",
			);
			runOnlyForDeploymentPostprocessing = 0;
			shellPath = /bin/sh;
			shellScript = "diff \"${PODS_PODFILE_DIR_PATH}/Podfile.lock\" \"${PODS_ROOT}/Manifest.lock\" > /dev/null\nif [ $? != 0 ] ; then\n    # print error to STDERR\n    echo \"error: The sandbox is not in sync with the Podfile.lock. Run 'pod install' or update your CocoaPods installation.\" >&2\n    exit 1\nfi\n# This output is used by Xcode 'outputs' to avoid re-running this script phase.\necho \"SUCCESS\" > \"${SCRIPT_OUTPUT_FILE_0}\"\n";
			showEnvVarsInLog = 0;
		};
		E48B53A6F2700AA259135D89 /* [CP] Embed Pods Frameworks */ = {
			isa = PBXShellScriptBuildPhase;
			buildActionMask = 2147483647;
			files = (
			);
			inputFileListPaths = (
				"${PODS_ROOT}/Target Support Files/Pods-Regions-Application-Regions-ApplicationUITests/Pods-Regions-Application-Regions-ApplicationUITests-frameworks-${CONFIGURATION}-input-files.xcfilelist",
			);
			name = "[CP] Embed Pods Frameworks";
			outputFileListPaths = (
				"${PODS_ROOT}/Target Support Files/Pods-Regions-Application-Regions-ApplicationUITests/Pods-Regions-Application-Regions-ApplicationUITests-frameworks-${CONFIGURATION}-output-files.xcfilelist",
			);
			runOnlyForDeploymentPostprocessing = 0;
			shellPath = /bin/sh;
			shellScript = "\"${PODS_ROOT}/Target Support Files/Pods-Regions-Application-Regions-ApplicationUITests/Pods-Regions-Application-Regions-ApplicationUITests-frameworks.sh\"\n";
			showEnvVarsInLog = 0;
		};
		EB0564488E5D249B45686438 /* [CP] Check Pods Manifest.lock */ = {
			isa = PBXShellScriptBuildPhase;
			buildActionMask = 2147483647;
			files = (
			);
			inputFileListPaths = (
			);
			inputPaths = (
				"${PODS_PODFILE_DIR_PATH}/Podfile.lock",
				"${PODS_ROOT}/Manifest.lock",
			);
			name = "[CP] Check Pods Manifest.lock";
			outputFileListPaths = (
			);
			outputPaths = (
				"$(DERIVED_FILE_DIR)/Pods-Regions-Application-Regions-ApplicationUITests-checkManifestLockResult.txt",
			);
			runOnlyForDeploymentPostprocessing = 0;
			shellPath = /bin/sh;
			shellScript = "diff \"${PODS_PODFILE_DIR_PATH}/Podfile.lock\" \"${PODS_ROOT}/Manifest.lock\" > /dev/null\nif [ $? != 0 ] ; then\n    # print error to STDERR\n    echo \"error: The sandbox is not in sync with the Podfile.lock. Run 'pod install' or update your CocoaPods installation.\" >&2\n    exit 1\nfi\n# This output is used by Xcode 'outputs' to avoid re-running this script phase.\necho \"SUCCESS\" > \"${SCRIPT_OUTPUT_FILE_0}\"\n";
			showEnvVarsInLog = 0;
		};
/* End PBXShellScriptBuildPhase section */

/* Begin PBXSourcesBuildPhase section */
		72D4B1E826C17F840029AB3C /* Sources */ = {
			isa = PBXSourcesBuildPhase;
			buildActionMask = 2147483647;
			files = (
				7224632326C470DB00D7E215 /* UkraineViewController.swift in Sources */,
				7297551926C42717003E87D2 /* LoadJson.swift in Sources */,
				7224631E26C45FDB00D7E215 /* SlideTransition.swift in Sources */,
				72D4B22626C180FF0029AB3C /* MenuTableView.swift in Sources */,
				7203DABA26C42C290057BA20 /* APIServices.swift in Sources */,
				7203DAAB26C428FB0057BA20 /* RussiaViewController.swift in Sources */,
				72D4B1FA26C17F840029AB3C /* Regions_Application.xcdatamodeld in Sources */,
				72E16EAD26C432EF00FB3D57 /* Reachability.swift in Sources */,
				72D4B1F026C17F840029AB3C /* AppDelegate.swift in Sources */,
				72A11A7D26C4556C004F8FCB /* Messages.swift in Sources */,
				72423E5226C424CD0081B3E9 /* OrderData.swift in Sources */,
				72D4B1F226C17F840029AB3C /* SceneDelegate.swift in Sources */,
			);
			runOnlyForDeploymentPostprocessing = 0;
		};
		72D4B20126C17F850029AB3C /* Sources */ = {
			isa = PBXSourcesBuildPhase;
			buildActionMask = 2147483647;
			files = (
				72D4B20A26C17F850029AB3C /* Regions_ApplicationTests.swift in Sources */,
			);
			runOnlyForDeploymentPostprocessing = 0;
		};
		72D4B20C26C17F850029AB3C /* Sources */ = {
			isa = PBXSourcesBuildPhase;
			buildActionMask = 2147483647;
			files = (
				72D4B21526C17F850029AB3C /* Regions_ApplicationUITests.swift in Sources */,
			);
			runOnlyForDeploymentPostprocessing = 0;
		};
/* End PBXSourcesBuildPhase section */

/* Begin PBXTargetDependency section */
		72D4B20726C17F850029AB3C /* PBXTargetDependency */ = {
			isa = PBXTargetDependency;
			target = 72D4B1EB26C17F840029AB3C /* Regions-Application */;
			targetProxy = 72D4B20626C17F850029AB3C /* PBXContainerItemProxy */;
		};
		72D4B21226C17F850029AB3C /* PBXTargetDependency */ = {
			isa = PBXTargetDependency;
			target = 72D4B1EB26C17F840029AB3C /* Regions-Application */;
			targetProxy = 72D4B21126C17F850029AB3C /* PBXContainerItemProxy */;
		};
/* End PBXTargetDependency section */

/* Begin PBXVariantGroup section */
		72D4B1F526C17F840029AB3C /* Main.storyboard */ = {
			isa = PBXVariantGroup;
			children = (
				72D4B1F626C17F840029AB3C /* Base */,
			);
			name = Main.storyboard;
			sourceTree = "<group>";
		};
		72D4B1FD26C17F850029AB3C /* LaunchScreen.storyboard */ = {
			isa = PBXVariantGroup;
			children = (
				72D4B1FE26C17F850029AB3C /* Base */,
			);
			name = LaunchScreen.storyboard;
			sourceTree = "<group>";
		};
/* End PBXVariantGroup section */

/* Begin XCBuildConfiguration section */
		72D4B21726C17F850029AB3C /* Debug */ = {
			isa = XCBuildConfiguration;
			buildSettings = {
				ALWAYS_SEARCH_USER_PATHS = NO;
				CLANG_ANALYZER_NONNULL = YES;
				CLANG_ANALYZER_NUMBER_OBJECT_CONVERSION = YES_AGGRESSIVE;
				CLANG_CXX_LANGUAGE_STANDARD = "gnu++14";
				CLANG_CXX_LIBRARY = "libc++";
				CLANG_ENABLE_MODULES = YES;
				CLANG_ENABLE_OBJC_ARC = YES;
				CLANG_ENABLE_OBJC_WEAK = YES;
				CLANG_WARN_BLOCK_CAPTURE_AUTORELEASING = YES;
				CLANG_WARN_BOOL_CONVERSION = YES;
				CLANG_WARN_COMMA = YES;
				CLANG_WARN_CONSTANT_CONVERSION = YES;
				CLANG_WARN_DEPRECATED_OBJC_IMPLEMENTATIONS = YES;
				CLANG_WARN_DIRECT_OBJC_ISA_USAGE = YES_ERROR;
				CLANG_WARN_DOCUMENTATION_COMMENTS = YES;
				CLANG_WARN_EMPTY_BODY = YES;
				CLANG_WARN_ENUM_CONVERSION = YES;
				CLANG_WARN_INFINITE_RECURSION = YES;
				CLANG_WARN_INT_CONVERSION = YES;
				CLANG_WARN_NON_LITERAL_NULL_CONVERSION = YES;
				CLANG_WARN_OBJC_IMPLICIT_RETAIN_SELF = YES;
				CLANG_WARN_OBJC_LITERAL_CONVERSION = YES;
				CLANG_WARN_OBJC_ROOT_CLASS = YES_ERROR;
				CLANG_WARN_QUOTED_INCLUDE_IN_FRAMEWORK_HEADER = YES;
				CLANG_WARN_RANGE_LOOP_ANALYSIS = YES;
				CLANG_WARN_STRICT_PROTOTYPES = YES;
				CLANG_WARN_SUSPICIOUS_MOVE = YES;
				CLANG_WARN_UNGUARDED_AVAILABILITY = YES_AGGRESSIVE;
				CLANG_WARN_UNREACHABLE_CODE = YES;
				CLANG_WARN__DUPLICATE_METHOD_MATCH = YES;
				COPY_PHASE_STRIP = NO;
				DEBUG_INFORMATION_FORMAT = dwarf;
				ENABLE_STRICT_OBJC_MSGSEND = YES;
				ENABLE_TESTABILITY = YES;
				GCC_C_LANGUAGE_STANDARD = gnu11;
				GCC_DYNAMIC_NO_PIC = NO;
				GCC_NO_COMMON_BLOCKS = YES;
				GCC_OPTIMIZATION_LEVEL = 0;
				GCC_PREPROCESSOR_DEFINITIONS = (
					"DEBUG=1",
					"$(inherited)",
				);
				GCC_WARN_64_TO_32_BIT_CONVERSION = YES;
				GCC_WARN_ABOUT_RETURN_TYPE = YES_ERROR;
				GCC_WARN_UNDECLARED_SELECTOR = YES;
				GCC_WARN_UNINITIALIZED_AUTOS = YES_AGGRESSIVE;
				GCC_WARN_UNUSED_FUNCTION = YES;
				GCC_WARN_UNUSED_VARIABLE = YES;
				IPHONEOS_DEPLOYMENT_TARGET = 14.0;
				MTL_ENABLE_DEBUG_INFO = INCLUDE_SOURCE;
				MTL_FAST_MATH = YES;
				ONLY_ACTIVE_ARCH = YES;
				SDKROOT = iphoneos;
				SWIFT_ACTIVE_COMPILATION_CONDITIONS = DEBUG;
				SWIFT_OPTIMIZATION_LEVEL = "-Onone";
			};
			name = Debug;
		};
		72D4B21826C17F850029AB3C /* Release */ = {
			isa = XCBuildConfiguration;
			buildSettings = {
				ALWAYS_SEARCH_USER_PATHS = NO;
				CLANG_ANALYZER_NONNULL = YES;
				CLANG_ANALYZER_NUMBER_OBJECT_CONVERSION = YES_AGGRESSIVE;
				CLANG_CXX_LANGUAGE_STANDARD = "gnu++14";
				CLANG_CXX_LIBRARY = "libc++";
				CLANG_ENABLE_MODULES = YES;
				CLANG_ENABLE_OBJC_ARC = YES;
				CLANG_ENABLE_OBJC_WEAK = YES;
				CLANG_WARN_BLOCK_CAPTURE_AUTORELEASING = YES;
				CLANG_WARN_BOOL_CONVERSION = YES;
				CLANG_WARN_COMMA = YES;
				CLANG_WARN_CONSTANT_CONVERSION = YES;
				CLANG_WARN_DEPRECATED_OBJC_IMPLEMENTATIONS = YES;
				CLANG_WARN_DIRECT_OBJC_ISA_USAGE = YES_ERROR;
				CLANG_WARN_DOCUMENTATION_COMMENTS = YES;
				CLANG_WARN_EMPTY_BODY = YES;
				CLANG_WARN_ENUM_CONVERSION = YES;
				CLANG_WARN_INFINITE_RECURSION = YES;
				CLANG_WARN_INT_CONVERSION = YES;
				CLANG_WARN_NON_LITERAL_NULL_CONVERSION = YES;
				CLANG_WARN_OBJC_IMPLICIT_RETAIN_SELF = YES;
				CLANG_WARN_OBJC_LITERAL_CONVERSION = YES;
				CLANG_WARN_OBJC_ROOT_CLASS = YES_ERROR;
				CLANG_WARN_QUOTED_INCLUDE_IN_FRAMEWORK_HEADER = YES;
				CLANG_WARN_RANGE_LOOP_ANALYSIS = YES;
				CLANG_WARN_STRICT_PROTOTYPES = YES;
				CLANG_WARN_SUSPICIOUS_MOVE = YES;
				CLANG_WARN_UNGUARDED_AVAILABILITY = YES_AGGRESSIVE;
				CLANG_WARN_UNREACHABLE_CODE = YES;
				CLANG_WARN__DUPLICATE_METHOD_MATCH = YES;
				COPY_PHASE_STRIP = NO;
				DEBUG_INFORMATION_FORMAT = "dwarf-with-dsym";
				ENABLE_NS_ASSERTIONS = NO;
				ENABLE_STRICT_OBJC_MSGSEND = YES;
				GCC_C_LANGUAGE_STANDARD = gnu11;
				GCC_NO_COMMON_BLOCKS = YES;
				GCC_WARN_64_TO_32_BIT_CONVERSION = YES;
				GCC_WARN_ABOUT_RETURN_TYPE = YES_ERROR;
				GCC_WARN_UNDECLARED_SELECTOR = YES;
				GCC_WARN_UNINITIALIZED_AUTOS = YES_AGGRESSIVE;
				GCC_WARN_UNUSED_FUNCTION = YES;
				GCC_WARN_UNUSED_VARIABLE = YES;
				IPHONEOS_DEPLOYMENT_TARGET = 14.0;
				MTL_ENABLE_DEBUG_INFO = NO;
				MTL_FAST_MATH = YES;
				SDKROOT = iphoneos;
				SWIFT_COMPILATION_MODE = wholemodule;
				SWIFT_OPTIMIZATION_LEVEL = "-O";
				VALIDATE_PRODUCT = YES;
			};
			name = Release;
		};
		72D4B21A26C17F850029AB3C /* Debug */ = {
			isa = XCBuildConfiguration;
			baseConfigurationReference = 354A2027BC5DBCB65A4CAB6F /* Pods-Regions-Application.debug.xcconfig */;
			buildSettings = {
				ASSETCATALOG_COMPILER_APPICON_NAME = "";
				ASSETCATALOG_COMPILER_GLOBAL_ACCENT_COLOR_NAME = AccentColor;
				CODE_SIGN_STYLE = Automatic;
				DEVELOPMENT_TEAM = B5T9HL953S;
				INFOPLIST_FILE = "Regions-Application/Info.plist";
				LD_RUNPATH_SEARCH_PATHS = (
					"$(inherited)",
					"@executable_path/Frameworks",
				);
				PRODUCT_BUNDLE_IDENTIFIER = "site.test-engineer.Regions-Application";
				PRODUCT_NAME = "$(TARGET_NAME)";
				SWIFT_VERSION = 5.0;
				TARGETED_DEVICE_FAMILY = "1,2";
			};
			name = Debug;
		};
		72D4B21B26C17F850029AB3C /* Release */ = {
			isa = XCBuildConfiguration;
			baseConfigurationReference = 60A3AE642895E20BD1677303 /* Pods-Regions-Application.release.xcconfig */;
			buildSettings = {
				ASSETCATALOG_COMPILER_APPICON_NAME = "";
				ASSETCATALOG_COMPILER_GLOBAL_ACCENT_COLOR_NAME = AccentColor;
				CODE_SIGN_STYLE = Automatic;
				DEVELOPMENT_TEAM = B5T9HL953S;
				INFOPLIST_FILE = "Regions-Application/Info.plist";
				LD_RUNPATH_SEARCH_PATHS = (
					"$(inherited)",
					"@executable_path/Frameworks",
				);
				PRODUCT_BUNDLE_IDENTIFIER = "site.test-engineer.Regions-Application";
				PRODUCT_NAME = "$(TARGET_NAME)";
				SWIFT_VERSION = 5.0;
				TARGETED_DEVICE_FAMILY = "1,2";
			};
			name = Release;
		};
		72D4B21D26C17F850029AB3C /* Debug */ = {
			isa = XCBuildConfiguration;
			baseConfigurationReference = D0DCAE0E2623332AA13EADC0 /* Pods-Regions-ApplicationTests.debug.xcconfig */;
			buildSettings = {
				ALWAYS_EMBED_SWIFT_STANDARD_LIBRARIES = YES;
				BUNDLE_LOADER = "$(TEST_HOST)";
				CODE_SIGN_STYLE = Automatic;
				DEVELOPMENT_TEAM = B5T9HL953S;
				INFOPLIST_FILE = "Regions-ApplicationTests/Info.plist";
				IPHONEOS_DEPLOYMENT_TARGET = 14.0;
				LD_RUNPATH_SEARCH_PATHS = (
					"$(inherited)",
					"@executable_path/Frameworks",
					"@loader_path/Frameworks",
				);
				PRODUCT_BUNDLE_IDENTIFIER = "site.test-engineer.Regions-ApplicationTests";
				PRODUCT_NAME = "$(TARGET_NAME)";
				SWIFT_VERSION = 5.0;
				TARGETED_DEVICE_FAMILY = "1,2";
				TEST_HOST = "$(BUILT_PRODUCTS_DIR)/Regions-Application.app/Regions-Application";
			};
			name = Debug;
		};
		72D4B21E26C17F850029AB3C /* Release */ = {
			isa = XCBuildConfiguration;
			baseConfigurationReference = DF5A87C19A9838BC3B967BA1 /* Pods-Regions-ApplicationTests.release.xcconfig */;
			buildSettings = {
				ALWAYS_EMBED_SWIFT_STANDARD_LIBRARIES = YES;
				BUNDLE_LOADER = "$(TEST_HOST)";
				CODE_SIGN_STYLE = Automatic;
				DEVELOPMENT_TEAM = B5T9HL953S;
				INFOPLIST_FILE = "Regions-ApplicationTests/Info.plist";
				IPHONEOS_DEPLOYMENT_TARGET = 14.0;
				LD_RUNPATH_SEARCH_PATHS = (
					"$(inherited)",
					"@executable_path/Frameworks",
					"@loader_path/Frameworks",
				);
				PRODUCT_BUNDLE_IDENTIFIER = "site.test-engineer.Regions-ApplicationTests";
				PRODUCT_NAME = "$(TARGET_NAME)";
				SWIFT_VERSION = 5.0;
				TARGETED_DEVICE_FAMILY = "1,2";
				TEST_HOST = "$(BUILT_PRODUCTS_DIR)/Regions-Application.app/Regions-Application";
			};
			name = Release;
		};
		72D4B22026C17F850029AB3C /* Debug */ = {
			isa = XCBuildConfiguration;
			baseConfigurationReference = 2D99F8390AB2BAAEF33BCA62 /* Pods-Regions-Application-Regions-ApplicationUITests.debug.xcconfig */;
			buildSettings = {
				ALWAYS_EMBED_SWIFT_STANDARD_LIBRARIES = YES;
				CODE_SIGN_STYLE = Automatic;
				DEVELOPMENT_TEAM = B5T9HL953S;
				INFOPLIST_FILE = "Regions-ApplicationUITests/Info.plist";
				LD_RUNPATH_SEARCH_PATHS = (
					"$(inherited)",
					"@executable_path/Frameworks",
					"@loader_path/Frameworks",
				);
				PRODUCT_BUNDLE_IDENTIFIER = "site.test-engineer.Regions-ApplicationUITests";
				PRODUCT_NAME = "$(TARGET_NAME)";
				SWIFT_VERSION = 5.0;
				TARGETED_DEVICE_FAMILY = "1,2";
				TEST_TARGET_NAME = "Regions-Application";
			};
			name = Debug;
		};
		72D4B22126C17F850029AB3C /* Release */ = {
			isa = XCBuildConfiguration;
			baseConfigurationReference = A63C7C07877B56AFBD81CFD3 /* Pods-Regions-Application-Regions-ApplicationUITests.release.xcconfig */;
			buildSettings = {
				ALWAYS_EMBED_SWIFT_STANDARD_LIBRARIES = YES;
				CODE_SIGN_STYLE = Automatic;
				DEVELOPMENT_TEAM = B5T9HL953S;
				INFOPLIST_FILE = "Regions-ApplicationUITests/Info.plist";
				LD_RUNPATH_SEARCH_PATHS = (
					"$(inherited)",
					"@executable_path/Frameworks",
					"@loader_path/Frameworks",
				);
				PRODUCT_BUNDLE_IDENTIFIER = "site.test-engineer.Regions-ApplicationUITests";
				PRODUCT_NAME = "$(TARGET_NAME)";
				SWIFT_VERSION = 5.0;
				TARGETED_DEVICE_FAMILY = "1,2";
				TEST_TARGET_NAME = "Regions-Application";
			};
			name = Release;
		};
/* End XCBuildConfiguration section */

/* Begin XCConfigurationList section */
		72D4B1E726C17F840029AB3C /* Build configuration list for PBXProject "Regions-Application" */ = {
			isa = XCConfigurationList;
			buildConfigurations = (
				72D4B21726C17F850029AB3C /* Debug */,
				72D4B21826C17F850029AB3C /* Release */,
			);
			defaultConfigurationIsVisible = 0;
			defaultConfigurationName = Release;
		};
		72D4B21926C17F850029AB3C /* Build configuration list for PBXNativeTarget "Regions-Application" */ = {
			isa = XCConfigurationList;
			buildConfigurations = (
				72D4B21A26C17F850029AB3C /* Debug */,
				72D4B21B26C17F850029AB3C /* Release */,
			);
			defaultConfigurationIsVisible = 0;
			defaultConfigurationName = Release;
		};
		72D4B21C26C17F850029AB3C /* Build configuration list for PBXNativeTarget "Regions-ApplicationTests" */ = {
			isa = XCConfigurationList;
			buildConfigurations = (
				72D4B21D26C17F850029AB3C /* Debug */,
				72D4B21E26C17F850029AB3C /* Release */,
			);
			defaultConfigurationIsVisible = 0;
			defaultConfigurationName = Release;
		};
		72D4B21F26C17F850029AB3C /* Build configuration list for PBXNativeTarget "Regions-ApplicationUITests" */ = {
			isa = XCConfigurationList;
			buildConfigurations = (
				72D4B22026C17F850029AB3C /* Debug */,
				72D4B22126C17F850029AB3C /* Release */,
			);
			defaultConfigurationIsVisible = 0;
			defaultConfigurationName = Release;
		};
/* End XCConfigurationList section */

/* Begin XCVersionGroup section */
		72D4B1F826C17F840029AB3C /* Regions_Application.xcdatamodeld */ = {
			isa = XCVersionGroup;
			children = (
				72D4B1F926C17F840029AB3C /* Regions_Application.xcdatamodel */,
			);
			currentVersion = 72D4B1F926C17F840029AB3C /* Regions_Application.xcdatamodel */;
			path = Regions_Application.xcdatamodeld;
			sourceTree = "<group>";
			versionGroupType = wrapper.xcdatamodel;
		};
/* End XCVersionGroup section */
	};
	rootObject = 72D4B1E426C17F840029AB3C /* Project object */;
}
