// !$*UTF8*$!
{
	archiveVersion = 1;
	classes = {
	};
	objectVersion = 51;
	objects = {

/* Begin PBXBuildFile section */
		410BF7B62E5957582A0303BD /* Pods_Regions_Application.framework in Frameworks */ = {isa = PBXBuildFile; fileRef = C33AA737D36D0168C8C1335A /* Pods_Regions_Application.framework */; };
		7203DAAB26C428FB0057BA20 /* RootViewController.swift in Sources */ = {isa = PBXBuildFile; fileRef = 72D4B1F326C17F840029AB3C /* RootViewController.swift */; };
		7203DABA26C42C290057BA20 /* APIServices.swift in Sources */ = {isa = PBXBuildFile; fileRef = 7203DAB926C42C290057BA20 /* APIServices.swift */; };
		721A8CCC26D4F4F300C04AD9 /* polandPerson.json in Resources */ = {isa = PBXBuildFile; fileRef = 721A8CCB26D4F4F300C04AD9 /* polandPerson.json */; };
		721A8CD926D4FFFD00C04AD9 /* czechPerson.json in Resources */ = {isa = PBXBuildFile; fileRef = 721A8CD826D4FFFD00C04AD9 /* czechPerson.json */; };
		721A8CE226D5011000C04AD9 /* moldovaPerson.json in Resources */ = {isa = PBXBuildFile; fileRef = 721A8CE126D5011000C04AD9 /* moldovaPerson.json */; };
		721A8CFB26D5021800C04AD9 /* lithuaniaPerson.json in Resources */ = {isa = PBXBuildFile; fileRef = 721A8CFA26D5021800C04AD9 /* lithuaniaPerson.json */; };
		721A8D0126D5027700C04AD9 /* turkeyPerson.json in Resources */ = {isa = PBXBuildFile; fileRef = 721A8D0026D5027700C04AD9 /* turkeyPerson.json */; };
		721A8D0726D502EE00C04AD9 /* estoniaPerson.json in Resources */ = {isa = PBXBuildFile; fileRef = 721A8D0626D502EE00C04AD9 /* estoniaPerson.json */; };
		721A8D0D26D5034D00C04AD9 /* germanyPerson.json in Resources */ = {isa = PBXBuildFile; fileRef = 721A8D0C26D5034D00C04AD9 /* germanyPerson.json */; };
		7224631E26C45FDB00D7E215 /* SlideTransition.swift in Sources */ = {isa = PBXBuildFile; fileRef = 7224631D26C45FDB00D7E215 /* SlideTransition.swift */; };
		7224632326C470DB00D7E215 /* UkraineViewController.swift in Sources */ = {isa = PBXBuildFile; fileRef = 7224632226C470DB00D7E215 /* UkraineViewController.swift */; };
		722A951826CB8B2B00A45545 /* Constants.swift in Sources */ = {isa = PBXBuildFile; fileRef = 722A951726CB8B2B00A45545 /* Constants.swift */; };
		722A952726CB8E4800A45545 /* CameraViewController.swift in Sources */ = {isa = PBXBuildFile; fileRef = 722A952626CB8E4800A45545 /* CameraViewController.swift */; };
		723422E926E3642700E21AF6 /* MyPopUpShow.swift in Sources */ = {isa = PBXBuildFile; fileRef = 723422E826E3642700E21AF6 /* MyPopUpShow.swift */; };
		7243165F26DA3A4100E9BEA3 /* BulgariaViewController.swift in Sources */ = {isa = PBXBuildFile; fileRef = 7243165E26DA3A4100E9BEA3 /* BulgariaViewController.swift */; };
		7243166526DA3D2D00E9BEA3 /* bulgariaPerson.json in Resources */ = {isa = PBXBuildFile; fileRef = 7243166426DA3D2D00E9BEA3 /* bulgariaPerson.json */; };
		7243167026DA56E600E9BEA3 /* AustriaViewController.swift in Sources */ = {isa = PBXBuildFile; fileRef = 7243166F26DA56E600E9BEA3 /* AustriaViewController.swift */; };
		7243167626DA58DB00E9BEA3 /* austriaPerson.json in Resources */ = {isa = PBXBuildFile; fileRef = 7243167526DA58DB00E9BEA3 /* austriaPerson.json */; };
		7249EB7926DD08FB00F660A4 /* GreeceViewController.swift in Sources */ = {isa = PBXBuildFile; fileRef = 7249EB7826DD08FB00F660A4 /* GreeceViewController.swift */; };
		7249EB8E26DD0CF200F660A4 /* greecePerson.json in Resources */ = {isa = PBXBuildFile; fileRef = 7249EB8D26DD0CF200F660A4 /* greecePerson.json */; };
		7264B71226D43B1C00DDD9B2 /* belarusPerson.json in Resources */ = {isa = PBXBuildFile; fileRef = 7264B71126D43B1C00DDD9B2 /* belarusPerson.json */; };
		7267D4BB26CEAAA2008021D1 /* PolandViewController.swift in Sources */ = {isa = PBXBuildFile; fileRef = 7267D4BA26CEAAA2008021D1 /* PolandViewController.swift */; };
		7268C71E26E14A1F00BEDE03 /* IrelandViewController.swift in Sources */ = {isa = PBXBuildFile; fileRef = 7268C71D26E14A1F00BEDE03 /* IrelandViewController.swift */; };
		7268C72426E14C2900BEDE03 /* irelandPerson.json in Resources */ = {isa = PBXBuildFile; fileRef = 7268C72326E14C2900BEDE03 /* irelandPerson.json */; };
		7268C73B26E151E900BEDE03 /* RomaniaViewController.swift in Sources */ = {isa = PBXBuildFile; fileRef = 7268C73A26E151E900BEDE03 /* RomaniaViewController.swift */; };
		7268C74126E1527600BEDE03 /* romaniaPerson.json in Resources */ = {isa = PBXBuildFile; fileRef = 7268C74026E1527600BEDE03 /* romaniaPerson.json */; };
		7274FD9026C93EA500DF5D85 /* AfterOneSecondTextField.swift in Sources */ = {isa = PBXBuildFile; fileRef = 7274FD8F26C93EA500DF5D85 /* AfterOneSecondTextField.swift */; };
		7274FD9526C9508000DF5D85 /* JsonLoader.swift in Sources */ = {isa = PBXBuildFile; fileRef = 7274FD9426C9508000DF5D85 /* JsonLoader.swift */; };
		727A4AC926C63C850093879A /* ReadJson.swift in Sources */ = {isa = PBXBuildFile; fileRef = 727A4AC826C63C850093879A /* ReadJson.swift */; };
		7283375B26D6C5D50008CF90 /* UIViewController.swift in Sources */ = {isa = PBXBuildFile; fileRef = 7283375A26D6C5D50008CF90 /* UIViewController.swift */; };
		7288078826D1B8D100C670CB /* TextFieldExtension.swift in Sources */ = {isa = PBXBuildFile; fileRef = 7288078726D1B8D100C670CB /* TextFieldExtension.swift */; };
		7288079026D1B93000C670CB /* ButtonExtension.swift in Sources */ = {isa = PBXBuildFile; fileRef = 7288078F26D1B93000C670CB /* ButtonExtension.swift */; };
		728C98F526DB8CB3006AF3FA /* ScanButton.swift in Sources */ = {isa = PBXBuildFile; fileRef = 728C98F426DB8CB3006AF3FA /* ScanButton.swift */; };
		728C98FB26DB8DC6006AF3FA /* ScanImageView.swift in Sources */ = {isa = PBXBuildFile; fileRef = 728C98FA26DB8DC6006AF3FA /* ScanImageView.swift */; };
		728C990326DB8E84006AF3FA /* OcrTextView.swift in Sources */ = {isa = PBXBuildFile; fileRef = 728C990226DB8E84006AF3FA /* OcrTextView.swift */; };
		72909A6526E27682007C227A /* UIView+Message.swift in Sources */ = {isa = PBXBuildFile; fileRef = 72909A6426E27682007C227A /* UIView+Message.swift */; };
		72909A7626E27783007C227A /* MyPopUpView.swift in Sources */ = {isa = PBXBuildFile; fileRef = 72909A7526E27783007C227A /* MyPopUpView.swift */; };
		72909A7B26E2781C007C227A /* SingelPopUpWindow.swift in Sources */ = {isa = PBXBuildFile; fileRef = 72909A7A26E2781C007C227A /* SingelPopUpWindow.swift */; };
		72909A8426E28195007C227A /* Descriptions.swift in Sources */ = {isa = PBXBuildFile; fileRef = 72909A8326E28195007C227A /* Descriptions.swift */; };
		729703AA26C7F6E500CE82E5 /* RussiaViewController.swift in Sources */ = {isa = PBXBuildFile; fileRef = 729703A926C7F6E500CE82E5 /* RussiaViewController.swift */; };
		729703B126C7F76A00CE82E5 /* Main.storyboard in Resources */ = {isa = PBXBuildFile; fileRef = 72D4B1F526C17F840029AB3C /* Main.storyboard */; };
		729703B526C7F7C800CE82E5 /* MenuTableView.swift in Resources */ = {isa = PBXBuildFile; fileRef = 72D4B22526C180FF0029AB3C /* MenuTableView.swift */; };
		729703B626C7F7C800CE82E5 /* RootViewController.swift in Resources */ = {isa = PBXBuildFile; fileRef = 72D4B1F326C17F840029AB3C /* RootViewController.swift */; };
		729703B726C7F7C800CE82E5 /* UkraineViewController.swift in Resources */ = {isa = PBXBuildFile; fileRef = 7224632226C470DB00D7E215 /* UkraineViewController.swift */; };
		729703B826C7F7C800CE82E5 /* BelarusViewController.swift in Resources */ = {isa = PBXBuildFile; fileRef = 72CB749226C7BBAF007435AB /* BelarusViewController.swift */; };
		729703B926C7F7C800CE82E5 /* RussiaViewController.swift in Resources */ = {isa = PBXBuildFile; fileRef = 729703A926C7F6E500CE82E5 /* RussiaViewController.swift */; };
		72A11A7D26C4556C004F8FCB /* Messages.swift in Sources */ = {isa = PBXBuildFile; fileRef = 72A11A7C26C4556C004F8FCB /* Messages.swift */; };
		72A6F14A26CF07AB00E84774 /* CzechViewController.swift in Sources */ = {isa = PBXBuildFile; fileRef = 72A6F14926CF07AB00E84774 /* CzechViewController.swift */; };
		72CB748026C7B8B7007435AB /* CustomButton.swift in Sources */ = {isa = PBXBuildFile; fileRef = 72CB747F26C7B8B7007435AB /* CustomButton.swift */; };
		72CB749326C7BBAF007435AB /* BelarusViewController.swift in Sources */ = {isa = PBXBuildFile; fileRef = 72CB749226C7BBAF007435AB /* BelarusViewController.swift */; };
		72D4969326E556020054564C /* InfoViewController.swift in Sources */ = {isa = PBXBuildFile; fileRef = 72D4969226E556020054564C /* InfoViewController.swift */; };
		72D4B1F026C17F840029AB3C /* AppDelegate.swift in Sources */ = {isa = PBXBuildFile; fileRef = 72D4B1EF26C17F840029AB3C /* AppDelegate.swift */; };
		72D4B1F226C17F840029AB3C /* SceneDelegate.swift in Sources */ = {isa = PBXBuildFile; fileRef = 72D4B1F126C17F840029AB3C /* SceneDelegate.swift */; };
		72D4B1FA26C17F840029AB3C /* Regions_Application.xcdatamodeld in Sources */ = {isa = PBXBuildFile; fileRef = 72D4B1F826C17F840029AB3C /* Regions_Application.xcdatamodeld */; };
		72D4B1FC26C17F850029AB3C /* Assets.xcassets in Resources */ = {isa = PBXBuildFile; fileRef = 72D4B1FB26C17F850029AB3C /* Assets.xcassets */; };
		72D4B1FF26C17F850029AB3C /* LaunchScreen.storyboard in Resources */ = {isa = PBXBuildFile; fileRef = 72D4B1FD26C17F850029AB3C /* LaunchScreen.storyboard */; };
		72D4B20A26C17F850029AB3C /* Regions_ApplicationTests.swift in Sources */ = {isa = PBXBuildFile; fileRef = 72D4B20926C17F850029AB3C /* Regions_ApplicationTests.swift */; };
		72D4B21526C17F850029AB3C /* Regions_ApplicationUITests.swift in Sources */ = {isa = PBXBuildFile; fileRef = 72D4B21426C17F850029AB3C /* Regions_ApplicationUITests.swift */; };
		72D4B22626C180FF0029AB3C /* MenuTableView.swift in Sources */ = {isa = PBXBuildFile; fileRef = 72D4B22526C180FF0029AB3C /* MenuTableView.swift */; };
		72D667D426C862E600DAC2B4 /* russiaPerson.json in Resources */ = {isa = PBXBuildFile; fileRef = 72D667D326C862E600DAC2B4 /* russiaPerson.json */; };
		72E0974E26D2E55F007F3693 /* ukrainePerson.json in Resources */ = {isa = PBXBuildFile; fileRef = 72E0974D26D2E55F007F3693 /* ukrainePerson.json */; };
		72E16EAD26C432EF00FB3D57 /* Reachability.swift in Sources */ = {isa = PBXBuildFile; fileRef = 72E16EAC26C432EF00FB3D57 /* Reachability.swift */; };
		72E31C0027075F7000E54C63 /* HungaryViewController.swift in Sources */ = {isa = PBXBuildFile; fileRef = 72E31BFF27075F7000E54C63 /* HungaryViewController.swift */; };
		72E31C032707640400E54C63 /* hungaryPerson.json in Resources */ = {isa = PBXBuildFile; fileRef = 72E31C022707640400E54C63 /* hungaryPerson.json */; };
		72E4A05C270F685E0023C33B /* BaseCase.swift in Sources */ = {isa = PBXBuildFile; fileRef = 72E4A05B270F685E0023C33B /* BaseCase.swift */; };
		72E4A05F270F68E20023C33B /* Page.swift in Sources */ = {isa = PBXBuildFile; fileRef = 72E4A05D270F68D60023C33B /* Page.swift */; };
		72E4A061270F69140023C33B /* MainPage.swift in Sources */ = {isa = PBXBuildFile; fileRef = 72E4A060270F69140023C33B /* MainPage.swift */; };
		72E4A064270F69760023C33B /* RussiaPage.swift in Sources */ = {isa = PBXBuildFile; fileRef = 72E4A062270F69630023C33B /* RussiaPage.swift */; };
		72E4A066270F6AA70023C33B /* MessagePage.swift in Sources */ = {isa = PBXBuildFile; fileRef = 72E4A065270F6AA70023C33B /* MessagePage.swift */; };
		72E4A069270F6B0D0023C33B /* SimplePageObjectTest.swift in Sources */ = {isa = PBXBuildFile; fileRef = 72E4A068270F6B0D0023C33B /* SimplePageObjectTest.swift */; };
		72E7E3D626D80D3D00E6B2DA /* slovakiaPerson.json in Resources */ = {isa = PBXBuildFile; fileRef = 72E7E3D526D80D3D00E6B2DA /* slovakiaPerson.json */; };
		72E7E3DB26D8157E00E6B2DA /* SlovakiaViewController.swift in Sources */ = {isa = PBXBuildFile; fileRef = 72E7E3DA26D8157E00E6B2DA /* SlovakiaViewController.swift */; };
		72F5992826D1965100706852 /* russiaDiplomatic.json in Resources */ = {isa = PBXBuildFile; fileRef = 72F5992726D1965100706852 /* russiaDiplomatic.json */; };
		72FF217C26D25ED3004B98FC /* MoldovaViewController.swift in Sources */ = {isa = PBXBuildFile; fileRef = 72FF217B26D25ED3004B98FC /* MoldovaViewController.swift */; };
		72FF218126D25F36004B98FC /* LithuaniaViewController.swift in Sources */ = {isa = PBXBuildFile; fileRef = 72FF218026D25F36004B98FC /* LithuaniaViewController.swift */; };
		72FF218626D25FA2004B98FC /* TurkeyViewController.swift in Sources */ = {isa = PBXBuildFile; fileRef = 72FF218526D25FA2004B98FC /* TurkeyViewController.swift */; };
		72FF218B26D25FFE004B98FC /* EstoniaViewController.swift in Sources */ = {isa = PBXBuildFile; fileRef = 72FF218A26D25FFE004B98FC /* EstoniaViewController.swift */; };
		72FF219026D260D8004B98FC /* GermanyViewController.swift in Sources */ = {isa = PBXBuildFile; fileRef = 72FF218F26D260D8004B98FC /* GermanyViewController.swift */; };
		72FF843326D26545008F637C /* russiaMilitary.json in Resources */ = {isa = PBXBuildFile; fileRef = 72FF843226D26545008F637C /* russiaMilitary.json */; };
		9AE33667EE3D03D29006A7FC /* Pods_Regions_Application_Regions_ApplicationUITests.framework in Frameworks */ = {isa = PBXBuildFile; fileRef = 96A8ED876FA74393F460EDAF /* Pods_Regions_Application_Regions_ApplicationUITests.framework */; };
		C5ADB965DB39FDFBA8978CB0 /* Pods_Regions_ApplicationTests.framework in Frameworks */ = {isa = PBXBuildFile; fileRef = 2B7B2696D83BE16A3C13C49F /* Pods_Regions_ApplicationTests.framework */; };
/* End PBXBuildFile section */

/* Begin PBXContainerItemProxy section */
		72D4B20626C17F850029AB3C /* PBXContainerItemProxy */ = {
			isa = PBXContainerItemProxy;
			containerPortal = 72D4B1E426C17F840029AB3C /* Project object */;
			proxyType = 1;
			remoteGlobalIDString = 72D4B1EB26C17F840029AB3C;
			remoteInfo = "Regions-Application";
		};
		72D4B21126C17F850029AB3C /* PBXContainerItemProxy */ = {
			isa = PBXContainerItemProxy;
			containerPortal = 72D4B1E426C17F840029AB3C /* Project object */;
			proxyType = 1;
			remoteGlobalIDString = 72D4B1EB26C17F840029AB3C;
			remoteInfo = "Regions-Application";
		};
/* End PBXContainerItemProxy section */

/* Begin PBXFileReference section */
		2B7B2696D83BE16A3C13C49F /* Pods_Regions_ApplicationTests.framework */ = {isa = PBXFileReference; explicitFileType = wrapper.framework; includeInIndex = 0; path = Pods_Regions_ApplicationTests.framework; sourceTree = BUILT_PRODUCTS_DIR; };
		2D99F8390AB2BAAEF33BCA62 /* Pods-Regions-Application-Regions-ApplicationUITests.debug.xcconfig */ = {isa = PBXFileReference; includeInIndex = 1; lastKnownFileType = text.xcconfig; name = "Pods-Regions-Application-Regions-ApplicationUITests.debug.xcconfig"; path = "Target Support Files/Pods-Regions-Application-Regions-ApplicationUITests/Pods-Regions-Application-Regions-ApplicationUITests.debug.xcconfig"; sourceTree = "<group>"; };
		354A2027BC5DBCB65A4CAB6F /* Pods-Regions-Application.debug.xcconfig */ = {isa = PBXFileReference; includeInIndex = 1; lastKnownFileType = text.xcconfig; name = "Pods-Regions-Application.debug.xcconfig"; path = "Target Support Files/Pods-Regions-Application/Pods-Regions-Application.debug.xcconfig"; sourceTree = "<group>"; };
		60A3AE642895E20BD1677303 /* Pods-Regions-Application.release.xcconfig */ = {isa = PBXFileReference; includeInIndex = 1; lastKnownFileType = text.xcconfig; name = "Pods-Regions-Application.release.xcconfig"; path = "Target Support Files/Pods-Regions-Application/Pods-Regions-Application.release.xcconfig"; sourceTree = "<group>"; };
		7203DAB926C42C290057BA20 /* APIServices.swift */ = {isa = PBXFileReference; lastKnownFileType = sourcecode.swift; path = APIServices.swift; sourceTree = "<group>"; };
		721A8CCB26D4F4F300C04AD9 /* polandPerson.json */ = {isa = PBXFileReference; lastKnownFileType = text.json; path = polandPerson.json; sourceTree = "<group>"; };
		721A8CD826D4FFFD00C04AD9 /* czechPerson.json */ = {isa = PBXFileReference; lastKnownFileType = text.json; path = czechPerson.json; sourceTree = "<group>"; };
		721A8CE126D5011000C04AD9 /* moldovaPerson.json */ = {isa = PBXFileReference; lastKnownFileType = text.json; path = moldovaPerson.json; sourceTree = "<group>"; };
		721A8CFA26D5021800C04AD9 /* lithuaniaPerson.json */ = {isa = PBXFileReference; lastKnownFileType = text.json; path = lithuaniaPerson.json; sourceTree = "<group>"; };
		721A8D0026D5027700C04AD9 /* turkeyPerson.json */ = {isa = PBXFileReference; lastKnownFileType = text.json; path = turkeyPerson.json; sourceTree = "<group>"; };
		721A8D0626D502EE00C04AD9 /* estoniaPerson.json */ = {isa = PBXFileReference; lastKnownFileType = text.json; path = estoniaPerson.json; sourceTree = "<group>"; };
		721A8D0C26D5034D00C04AD9 /* germanyPerson.json */ = {isa = PBXFileReference; lastKnownFileType = text.json; path = germanyPerson.json; sourceTree = "<group>"; };
		7224631D26C45FDB00D7E215 /* SlideTransition.swift */ = {isa = PBXFileReference; lastKnownFileType = sourcecode.swift; path = SlideTransition.swift; sourceTree = "<group>"; };
		7224632226C470DB00D7E215 /* UkraineViewController.swift */ = {isa = PBXFileReference; lastKnownFileType = sourcecode.swift; path = UkraineViewController.swift; sourceTree = "<group>"; };
		722A951726CB8B2B00A45545 /* Constants.swift */ = {isa = PBXFileReference; lastKnownFileType = sourcecode.swift; path = Constants.swift; sourceTree = "<group>"; };
		722A952626CB8E4800A45545 /* CameraViewController.swift */ = {isa = PBXFileReference; lastKnownFileType = sourcecode.swift; path = CameraViewController.swift; sourceTree = "<group>"; };
		723422E826E3642700E21AF6 /* MyPopUpShow.swift */ = {isa = PBXFileReference; lastKnownFileType = sourcecode.swift; path = MyPopUpShow.swift; sourceTree = "<group>"; };
		7243165E26DA3A4100E9BEA3 /* BulgariaViewController.swift */ = {isa = PBXFileReference; lastKnownFileType = sourcecode.swift; path = BulgariaViewController.swift; sourceTree = "<group>"; };
		7243166426DA3D2D00E9BEA3 /* bulgariaPerson.json */ = {isa = PBXFileReference; lastKnownFileType = text.json; path = bulgariaPerson.json; sourceTree = "<group>"; };
		7243166F26DA56E600E9BEA3 /* AustriaViewController.swift */ = {isa = PBXFileReference; lastKnownFileType = sourcecode.swift; path = AustriaViewController.swift; sourceTree = "<group>"; };
		7243167526DA58DB00E9BEA3 /* austriaPerson.json */ = {isa = PBXFileReference; lastKnownFileType = text.json; path = austriaPerson.json; sourceTree = "<group>"; };
		7249EB7826DD08FB00F660A4 /* GreeceViewController.swift */ = {isa = PBXFileReference; lastKnownFileType = sourcecode.swift; path = GreeceViewController.swift; sourceTree = "<group>"; };
		7249EB8D26DD0CF200F660A4 /* greecePerson.json */ = {isa = PBXFileReference; lastKnownFileType = text.json; path = greecePerson.json; sourceTree = "<group>"; };
		7264B71126D43B1C00DDD9B2 /* belarusPerson.json */ = {isa = PBXFileReference; lastKnownFileType = text.json; path = belarusPerson.json; sourceTree = "<group>"; };
		7267D4BA26CEAAA2008021D1 /* PolandViewController.swift */ = {isa = PBXFileReference; lastKnownFileType = sourcecode.swift; path = PolandViewController.swift; sourceTree = "<group>"; };
		7268C71D26E14A1F00BEDE03 /* IrelandViewController.swift */ = {isa = PBXFileReference; lastKnownFileType = sourcecode.swift; path = IrelandViewController.swift; sourceTree = "<group>"; };
		7268C72326E14C2900BEDE03 /* irelandPerson.json */ = {isa = PBXFileReference; lastKnownFileType = text.json; path = irelandPerson.json; sourceTree = "<group>"; };
		7268C73A26E151E900BEDE03 /* RomaniaViewController.swift */ = {isa = PBXFileReference; lastKnownFileType = sourcecode.swift; path = RomaniaViewController.swift; sourceTree = "<group>"; };
		7268C74026E1527600BEDE03 /* romaniaPerson.json */ = {isa = PBXFileReference; lastKnownFileType = text.json; path = romaniaPerson.json; sourceTree = "<group>"; };
		7274FD8F26C93EA500DF5D85 /* AfterOneSecondTextField.swift */ = {isa = PBXFileReference; lastKnownFileType = sourcecode.swift; path = AfterOneSecondTextField.swift; sourceTree = "<group>"; };
		7274FD9426C9508000DF5D85 /* JsonLoader.swift */ = {isa = PBXFileReference; lastKnownFileType = sourcecode.swift; path = JsonLoader.swift; sourceTree = "<group>"; };
		727A4AC826C63C850093879A /* ReadJson.swift */ = {isa = PBXFileReference; lastKnownFileType = sourcecode.swift; path = ReadJson.swift; sourceTree = "<group>"; };
		7283375A26D6C5D50008CF90 /* UIViewController.swift */ = {isa = PBXFileReference; lastKnownFileType = sourcecode.swift; path = UIViewController.swift; sourceTree = "<group>"; };
		7288078726D1B8D100C670CB /* TextFieldExtension.swift */ = {isa = PBXFileReference; lastKnownFileType = sourcecode.swift; path = TextFieldExtension.swift; sourceTree = "<group>"; };
		7288078F26D1B93000C670CB /* ButtonExtension.swift */ = {isa = PBXFileReference; lastKnownFileType = sourcecode.swift; path = ButtonExtension.swift; sourceTree = "<group>"; };
		728C98F426DB8CB3006AF3FA /* ScanButton.swift */ = {isa = PBXFileReference; lastKnownFileType = sourcecode.swift; path = ScanButton.swift; sourceTree = "<group>"; };
		728C98FA26DB8DC6006AF3FA /* ScanImageView.swift */ = {isa = PBXFileReference; lastKnownFileType = sourcecode.swift; path = ScanImageView.swift; sourceTree = "<group>"; };
		728C990226DB8E84006AF3FA /* OcrTextView.swift */ = {isa = PBXFileReference; lastKnownFileType = sourcecode.swift; path = OcrTextView.swift; sourceTree = "<group>"; };
		72909A6426E27682007C227A /* UIView+Message.swift */ = {isa = PBXFileReference; lastKnownFileType = sourcecode.swift; path = "UIView+Message.swift"; sourceTree = "<group>"; };
		72909A7526E27783007C227A /* MyPopUpView.swift */ = {isa = PBXFileReference; lastKnownFileType = sourcecode.swift; path = MyPopUpView.swift; sourceTree = "<group>"; };
		72909A7A26E2781C007C227A /* SingelPopUpWindow.swift */ = {isa = PBXFileReference; lastKnownFileType = sourcecode.swift; path = SingelPopUpWindow.swift; sourceTree = "<group>"; };
		72909A8326E28195007C227A /* Descriptions.swift */ = {isa = PBXFileReference; lastKnownFileType = sourcecode.swift; path = Descriptions.swift; sourceTree = "<group>"; };
		729703A926C7F6E500CE82E5 /* RussiaViewController.swift */ = {isa = PBXFileReference; lastKnownFileType = sourcecode.swift; path = RussiaViewController.swift; sourceTree = "<group>"; };
		72A11A7C26C4556C004F8FCB /* Messages.swift */ = {isa = PBXFileReference; lastKnownFileType = sourcecode.swift; path = Messages.swift; sourceTree = "<group>"; };
		72A6F14926CF07AB00E84774 /* CzechViewController.swift */ = {isa = PBXFileReference; lastKnownFileType = sourcecode.swift; path = CzechViewController.swift; sourceTree = "<group>"; };
		72CB747F26C7B8B7007435AB /* CustomButton.swift */ = {isa = PBXFileReference; lastKnownFileType = sourcecode.swift; path = CustomButton.swift; sourceTree = "<group>"; };
		72CB749226C7BBAF007435AB /* BelarusViewController.swift */ = {isa = PBXFileReference; lastKnownFileType = sourcecode.swift; path = BelarusViewController.swift; sourceTree = "<group>"; };
		72D4969226E556020054564C /* InfoViewController.swift */ = {isa = PBXFileReference; lastKnownFileType = sourcecode.swift; path = InfoViewController.swift; sourceTree = "<group>"; };
		72D4B1EC26C17F840029AB3C /* Regions-Application.app */ = {isa = PBXFileReference; explicitFileType = wrapper.application; includeInIndex = 0; path = "Regions-Application.app"; sourceTree = BUILT_PRODUCTS_DIR; };
		72D4B1EF26C17F840029AB3C /* AppDelegate.swift */ = {isa = PBXFileReference; lastKnownFileType = sourcecode.swift; path = AppDelegate.swift; sourceTree = "<group>"; };
		72D4B1F126C17F840029AB3C /* SceneDelegate.swift */ = {isa = PBXFileReference; lastKnownFileType = sourcecode.swift; path = SceneDelegate.swift; sourceTree = "<group>"; };
		72D4B1F326C17F840029AB3C /* RootViewController.swift */ = {isa = PBXFileReference; lastKnownFileType = sourcecode.swift; path = RootViewController.swift; sourceTree = "<group>"; };
		72D4B1F626C17F840029AB3C /* Base */ = {isa = PBXFileReference; lastKnownFileType = file.storyboard; name = Base; path = Base.lproj/Main.storyboard; sourceTree = "<group>"; };
		72D4B1F926C17F840029AB3C /* Regions_Application.xcdatamodel */ = {isa = PBXFileReference; lastKnownFileType = wrapper.xcdatamodel; path = Regions_Application.xcdatamodel; sourceTree = "<group>"; };
		72D4B1FB26C17F850029AB3C /* Assets.xcassets */ = {isa = PBXFileReference; lastKnownFileType = folder.assetcatalog; path = Assets.xcassets; sourceTree = "<group>"; };
		72D4B1FE26C17F850029AB3C /* Base */ = {isa = PBXFileReference; lastKnownFileType = file.storyboard; name = Base; path = Base.lproj/LaunchScreen.storyboard; sourceTree = "<group>"; };
		72D4B20026C17F850029AB3C /* Info.plist */ = {isa = PBXFileReference; lastKnownFileType = text.plist.xml; path = Info.plist; sourceTree = "<group>"; };
		72D4B20526C17F850029AB3C /* Regions-ApplicationTests.xctest */ = {isa = PBXFileReference; explicitFileType = wrapper.cfbundle; includeInIndex = 0; path = "Regions-ApplicationTests.xctest"; sourceTree = BUILT_PRODUCTS_DIR; };
		72D4B20926C17F850029AB3C /* Regions_ApplicationTests.swift */ = {isa = PBXFileReference; lastKnownFileType = sourcecode.swift; path = Regions_ApplicationTests.swift; sourceTree = "<group>"; };
		72D4B20B26C17F850029AB3C /* Info.plist */ = {isa = PBXFileReference; lastKnownFileType = text.plist.xml; path = Info.plist; sourceTree = "<group>"; };
		72D4B21026C17F850029AB3C /* Regions-ApplicationUITests.xctest */ = {isa = PBXFileReference; explicitFileType = wrapper.cfbundle; includeInIndex = 0; path = "Regions-ApplicationUITests.xctest"; sourceTree = BUILT_PRODUCTS_DIR; };
		72D4B21426C17F850029AB3C /* Regions_ApplicationUITests.swift */ = {isa = PBXFileReference; lastKnownFileType = sourcecode.swift; path = Regions_ApplicationUITests.swift; sourceTree = "<group>"; };
		72D4B21626C17F850029AB3C /* Info.plist */ = {isa = PBXFileReference; lastKnownFileType = text.plist.xml; path = Info.plist; sourceTree = "<group>"; };
		72D4B22526C180FF0029AB3C /* MenuTableView.swift */ = {isa = PBXFileReference; lastKnownFileType = sourcecode.swift; path = MenuTableView.swift; sourceTree = "<group>"; };
		72D667D326C862E600DAC2B4 /* russiaPerson.json */ = {isa = PBXFileReference; fileEncoding = 4; lastKnownFileType = text.json; path = russiaPerson.json; sourceTree = "<group>"; };
		72E0974D26D2E55F007F3693 /* ukrainePerson.json */ = {isa = PBXFileReference; lastKnownFileType = text.json; path = ukrainePerson.json; sourceTree = "<group>"; };
		72E16EAC26C432EF00FB3D57 /* Reachability.swift */ = {isa = PBXFileReference; lastKnownFileType = sourcecode.swift; path = Reachability.swift; sourceTree = "<group>"; };
		72E31BFF27075F7000E54C63 /* HungaryViewController.swift */ = {isa = PBXFileReference; lastKnownFileType = sourcecode.swift; path = HungaryViewController.swift; sourceTree = "<group>"; };
		72E31C022707640400E54C63 /* hungaryPerson.json */ = {isa = PBXFileReference; lastKnownFileType = text.json; path = hungaryPerson.json; sourceTree = "<group>"; };
		72E4A05B270F685E0023C33B /* BaseCase.swift */ = {isa = PBXFileReference; lastKnownFileType = sourcecode.swift; path = BaseCase.swift; sourceTree = "<group>"; };
		72E4A05D270F68D60023C33B /* Page.swift */ = {isa = PBXFileReference; lastKnownFileType = sourcecode.swift; path = Page.swift; sourceTree = "<group>"; };
		72E4A060270F69140023C33B /* MainPage.swift */ = {isa = PBXFileReference; lastKnownFileType = sourcecode.swift; path = MainPage.swift; sourceTree = "<group>"; };
		72E4A062270F69630023C33B /* RussiaPage.swift */ = {isa = PBXFileReference; lastKnownFileType = sourcecode.swift; path = RussiaPage.swift; sourceTree = "<group>"; };
		72E4A065270F6AA70023C33B /* MessagePage.swift */ = {isa = PBXFileReference; lastKnownFileType = sourcecode.swift; path = MessagePage.swift; sourceTree = "<group>"; };
		72E4A068270F6B0D0023C33B /* SimplePageObjectTest.swift */ = {isa = PBXFileReference; lastKnownFileType = sourcecode.swift; path = SimplePageObjectTest.swift; sourceTree = "<group>"; };
		72E7E3D526D80D3D00E6B2DA /* slovakiaPerson.json */ = {isa = PBXFileReference; lastKnownFileType = text.json; path = slovakiaPerson.json; sourceTree = "<group>"; };
		72E7E3DA26D8157E00E6B2DA /* SlovakiaViewController.swift */ = {isa = PBXFileReference; lastKnownFileType = sourcecode.swift; path = SlovakiaViewController.swift; sourceTree = "<group>"; };
		72F5992726D1965100706852 /* russiaDiplomatic.json */ = {isa = PBXFileReference; lastKnownFileType = text.json; path = russiaDiplomatic.json; sourceTree = "<group>"; };
		72FF217B26D25ED3004B98FC /* MoldovaViewController.swift */ = {isa = PBXFileReference; lastKnownFileType = sourcecode.swift; path = MoldovaViewController.swift; sourceTree = "<group>"; };
		72FF218026D25F36004B98FC /* LithuaniaViewController.swift */ = {isa = PBXFileReference; lastKnownFileType = sourcecode.swift; path = LithuaniaViewController.swift; sourceTree = "<group>"; };
		72FF218526D25FA2004B98FC /* TurkeyViewController.swift */ = {isa = PBXFileReference; lastKnownFileType = sourcecode.swift; path = TurkeyViewController.swift; sourceTree = "<group>"; };
		72FF218A26D25FFE004B98FC /* EstoniaViewController.swift */ = {isa = PBXFileReference; lastKnownFileType = sourcecode.swift; path = EstoniaViewController.swift; sourceTree = "<group>"; };
		72FF218F26D260D8004B98FC /* GermanyViewController.swift */ = {isa = PBXFileReference; lastKnownFileType = sourcecode.swift; path = GermanyViewController.swift; sourceTree = "<group>"; };
		72FF843226D26545008F637C /* russiaMilitary.json */ = {isa = PBXFileReference; lastKnownFileType = text.json; path = russiaMilitary.json; sourceTree = "<group>"; };
		96A8ED876FA74393F460EDAF /* Pods_Regions_Application_Regions_ApplicationUITests.framework */ = {isa = PBXFileReference; explicitFileType = wrapper.framework; includeInIndex = 0; path = Pods_Regions_Application_Regions_ApplicationUITests.framework; sourceTree = BUILT_PRODUCTS_DIR; };
		A63C7C07877B56AFBD81CFD3 /* Pods-Regions-Application-Regions-ApplicationUITests.release.xcconfig */ = {isa = PBXFileReference; includeInIndex = 1; lastKnownFileType = text.xcconfig; name = "Pods-Regions-Application-Regions-ApplicationUITests.release.xcconfig"; path = "Target Support Files/Pods-Regions-Application-Regions-ApplicationUITests/Pods-Regions-Application-Regions-ApplicationUITests.release.xcconfig"; sourceTree = "<group>"; };
		C33AA737D36D0168C8C1335A /* Pods_Regions_Application.framework */ = {isa = PBXFileReference; explicitFileType = wrapper.framework; includeInIndex = 0; path = Pods_Regions_Application.framework; sourceTree = BUILT_PRODUCTS_DIR; };
		D0DCAE0E2623332AA13EADC0 /* Pods-Regions-ApplicationTests.debug.xcconfig */ = {isa = PBXFileReference; includeInIndex = 1; lastKnownFileType = text.xcconfig; name = "Pods-Regions-ApplicationTests.debug.xcconfig"; path = "Target Support Files/Pods-Regions-ApplicationTests/Pods-Regions-ApplicationTests.debug.xcconfig"; sourceTree = "<group>"; };
		DF5A87C19A9838BC3B967BA1 /* Pods-Regions-ApplicationTests.release.xcconfig */ = {isa = PBXFileReference; includeInIndex = 1; lastKnownFileType = text.xcconfig; name = "Pods-Regions-ApplicationTests.release.xcconfig"; path = "Target Support Files/Pods-Regions-ApplicationTests/Pods-Regions-ApplicationTests.release.xcconfig"; sourceTree = "<group>"; };
/* End PBXFileReference section */

/* Begin PBXFrameworksBuildPhase section */
		72D4B1E926C17F840029AB3C /* Frameworks */ = {
			isa = PBXFrameworksBuildPhase;
			buildActionMask = 2147483647;
			files = (
				410BF7B62E5957582A0303BD /* Pods_Regions_Application.framework in Frameworks */,
			);
			runOnlyForDeploymentPostprocessing = 0;
		};
		72D4B20226C17F850029AB3C /* Frameworks */ = {
			isa = PBXFrameworksBuildPhase;
			buildActionMask = 2147483647;
			files = (
				C5ADB965DB39FDFBA8978CB0 /* Pods_Regions_ApplicationTests.framework in Frameworks */,
			);
			runOnlyForDeploymentPostprocessing = 0;
		};
		72D4B20D26C17F850029AB3C /* Frameworks */ = {
			isa = PBXFrameworksBuildPhase;
			buildActionMask = 2147483647;
			files = (
				9AE33667EE3D03D29006A7FC /* Pods_Regions_Application_Regions_ApplicationUITests.framework in Frameworks */,
			);
			runOnlyForDeploymentPostprocessing = 0;
		};
/* End PBXFrameworksBuildPhase section */

/* Begin PBXGroup section */
		62D948CFED5A27A5D4283174 /* Pods */ = {
			isa = PBXGroup;
			children = (
				354A2027BC5DBCB65A4CAB6F /* Pods-Regions-Application.debug.xcconfig */,
				60A3AE642895E20BD1677303 /* Pods-Regions-Application.release.xcconfig */,
				2D99F8390AB2BAAEF33BCA62 /* Pods-Regions-Application-Regions-ApplicationUITests.debug.xcconfig */,
				A63C7C07877B56AFBD81CFD3 /* Pods-Regions-Application-Regions-ApplicationUITests.release.xcconfig */,
				D0DCAE0E2623332AA13EADC0 /* Pods-Regions-ApplicationTests.debug.xcconfig */,
				DF5A87C19A9838BC3B967BA1 /* Pods-Regions-ApplicationTests.release.xcconfig */,
			);
			path = Pods;
			sourceTree = "<group>";
		};
		63D01F0EEEE74647EDF287F8 /* Frameworks */ = {
			isa = PBXGroup;
			children = (
				C33AA737D36D0168C8C1335A /* Pods_Regions_Application.framework */,
				96A8ED876FA74393F460EDAF /* Pods_Regions_Application_Regions_ApplicationUITests.framework */,
				2B7B2696D83BE16A3C13C49F /* Pods_Regions_ApplicationTests.framework */,
			);
			name = Frameworks;
			sourceTree = "<group>";
		};
		721A8CCA26D4F4DE00C04AD9 /* poland */ = {
			isa = PBXGroup;
			children = (
				721A8CCB26D4F4F300C04AD9 /* polandPerson.json */,
			);
			path = poland;
			sourceTree = "<group>";
		};
		721A8CD726D4FFDE00C04AD9 /* czech */ = {
			isa = PBXGroup;
			children = (
				721A8CD826D4FFFD00C04AD9 /* czechPerson.json */,
			);
			path = czech;
			sourceTree = "<group>";
		};
		721A8CE026D500DB00C04AD9 /* moldova */ = {
			isa = PBXGroup;
			children = (
				721A8CE126D5011000C04AD9 /* moldovaPerson.json */,
			);
			path = moldova;
			sourceTree = "<group>";
		};
		721A8CEA26D501B900C04AD9 /* lithuania */ = {
			isa = PBXGroup;
			children = (
				721A8CFA26D5021800C04AD9 /* lithuaniaPerson.json */,
			);
			path = lithuania;
			sourceTree = "<group>";
		};
		721A8CFF26D5025F00C04AD9 /* turkey */ = {
			isa = PBXGroup;
			children = (
				721A8D0026D5027700C04AD9 /* turkeyPerson.json */,
			);
			path = turkey;
			sourceTree = "<group>";
		};
		721A8D0526D502DA00C04AD9 /* estonia */ = {
			isa = PBXGroup;
			children = (
				721A8D0626D502EE00C04AD9 /* estoniaPerson.json */,
			);
			path = estonia;
			sourceTree = "<group>";
		};
		721A8D0B26D5033700C04AD9 /* germany */ = {
			isa = PBXGroup;
			children = (
				721A8D0C26D5034D00C04AD9 /* germanyPerson.json */,
			);
			path = germany;
			sourceTree = "<group>";
		};
		722EE7FE26D2CE2600A4A288 /* russia */ = {
			isa = PBXGroup;
			children = (
				72D667D326C862E600DAC2B4 /* russiaPerson.json */,
				72F5992726D1965100706852 /* russiaDiplomatic.json */,
				72FF843226D26545008F637C /* russiaMilitary.json */,
			);
			path = russia;
			sourceTree = "<group>";
		};
		722EE7FF26D2CE3A00A4A288 /* ukraine */ = {
			isa = PBXGroup;
			children = (
				72E0974D26D2E55F007F3693 /* ukrainePerson.json */,
			);
			path = ukraine;
			sourceTree = "<group>";
		};
		7243166326DA3D1400E9BEA3 /* bulgaria */ = {
			isa = PBXGroup;
			children = (
				7243166426DA3D2D00E9BEA3 /* bulgariaPerson.json */,
			);
			path = bulgaria;
			sourceTree = "<group>";
		};
		7243167426DA58C500E9BEA3 /* austria */ = {
			isa = PBXGroup;
			children = (
				7243167526DA58DB00E9BEA3 /* austriaPerson.json */,
			);
			path = austria;
			sourceTree = "<group>";
		};
		7249EB8C26DD0CDB00F660A4 /* greece */ = {
			isa = PBXGroup;
			children = (
				7249EB8D26DD0CF200F660A4 /* greecePerson.json */,
			);
			path = greece;
			sourceTree = "<group>";
		};
		7264B71026D43B0100DDD9B2 /* belarus */ = {
			isa = PBXGroup;
			children = (
				7264B71126D43B1C00DDD9B2 /* belarusPerson.json */,
			);
			path = belarus;
			sourceTree = "<group>";
		};
		7268C72226E14C0800BEDE03 /* ireland */ = {
			isa = PBXGroup;
			children = (
				7268C72326E14C2900BEDE03 /* irelandPerson.json */,
			);
			path = ireland;
			sourceTree = "<group>";
		};
		7268C73F26E1526000BEDE03 /* romania */ = {
			isa = PBXGroup;
			children = (
				7268C74026E1527600BEDE03 /* romaniaPerson.json */,
			);
			path = romania;
			sourceTree = "<group>";
		};
		7288078626D1B89E00C670CB /* Extensions */ = {
			isa = PBXGroup;
			children = (
				7288078726D1B8D100C670CB /* TextFieldExtension.swift */,
				7288078F26D1B93000C670CB /* ButtonExtension.swift */,
				7283375A26D6C5D50008CF90 /* UIViewController.swift */,
			);
			path = Extensions;
			sourceTree = "<group>";
		};
		728C98F926DB8DA3006AF3FA /* Recognition */ = {
			isa = PBXGroup;
			children = (
				728C98F426DB8CB3006AF3FA /* ScanButton.swift */,
				728C98FA26DB8DC6006AF3FA /* ScanImageView.swift */,
				728C990226DB8E84006AF3FA /* OcrTextView.swift */,
			);
			path = Recognition;
			sourceTree = "<group>";
		};
		72909A6326E27613007C227A /* PopUp */ = {
			isa = PBXGroup;
			children = (
				72909A6426E27682007C227A /* UIView+Message.swift */,
				72909A7526E27783007C227A /* MyPopUpView.swift */,
				72909A7A26E2781C007C227A /* SingelPopUpWindow.swift */,
				723422E826E3642700E21AF6 /* MyPopUpShow.swift */,
			);
			path = PopUp;
			sourceTree = "<group>";
		};
		72909A8226E2817D007C227A /* Description */ = {
			isa = PBXGroup;
			children = (
				72909A8326E28195007C227A /* Descriptions.swift */,
			);
			path = Description;
			sourceTree = "<group>";
		};
		72A11A7B26C45553004F8FCB /* Helpers */ = {
			isa = PBXGroup;
			children = (
				7203DAB926C42C290057BA20 /* APIServices.swift */,
				72A11A7C26C4556C004F8FCB /* Messages.swift */,
				727A4AC826C63C850093879A /* ReadJson.swift */,
				72CB747F26C7B8B7007435AB /* CustomButton.swift */,
				7274FD8F26C93EA500DF5D85 /* AfterOneSecondTextField.swift */,
				7274FD9426C9508000DF5D85 /* JsonLoader.swift */,
				722A951726CB8B2B00A45545 /* Constants.swift */,
			);
			path = Helpers;
			sourceTree = "<group>";
		};
		72CB748426C7BACE007435AB /* View */ = {
			isa = PBXGroup;
			children = (
				72D4B22526C180FF0029AB3C /* MenuTableView.swift */,
				72D4B1F326C17F840029AB3C /* RootViewController.swift */,
				7224632226C470DB00D7E215 /* UkraineViewController.swift */,
				72CB749226C7BBAF007435AB /* BelarusViewController.swift */,
				729703A926C7F6E500CE82E5 /* RussiaViewController.swift */,
				722A952626CB8E4800A45545 /* CameraViewController.swift */,
				7267D4BA26CEAAA2008021D1 /* PolandViewController.swift */,
				72A6F14926CF07AB00E84774 /* CzechViewController.swift */,
				72FF217B26D25ED3004B98FC /* MoldovaViewController.swift */,
				72FF218026D25F36004B98FC /* LithuaniaViewController.swift */,
				72FF218526D25FA2004B98FC /* TurkeyViewController.swift */,
				72FF218A26D25FFE004B98FC /* EstoniaViewController.swift */,
				72FF218F26D260D8004B98FC /* GermanyViewController.swift */,
				72E7E3DA26D8157E00E6B2DA /* SlovakiaViewController.swift */,
				7243165E26DA3A4100E9BEA3 /* BulgariaViewController.swift */,
				7243166F26DA56E600E9BEA3 /* AustriaViewController.swift */,
				7249EB7826DD08FB00F660A4 /* GreeceViewController.swift */,
				7268C71D26E14A1F00BEDE03 /* IrelandViewController.swift */,
				7268C73A26E151E900BEDE03 /* RomaniaViewController.swift */,
				72D4969226E556020054564C /* InfoViewController.swift */,
				72E31BFF27075F7000E54C63 /* HungaryViewController.swift */,
			);
			path = View;
			sourceTree = "<group>";
		};
		72CB748E26C7BB0A007435AB /* Connection */ = {
			isa = PBXGroup;
			children = (
				72E16EAC26C432EF00FB3D57 /* Reachability.swift */,
				7224631D26C45FDB00D7E215 /* SlideTransition.swift */,
			);
			path = Connection;
			sourceTree = "<group>";
		};
		72CB74A626C7E61D007435AB /* Data */ = {
			isa = PBXGroup;
			children = (
				72CB74A726C7E624007435AB /* json */,
			);
			path = Data;
			sourceTree = "<group>";
		};
		72CB74A726C7E624007435AB /* json */ = {
			isa = PBXGroup;
			children = (
				72E31C01270763E800E54C63 /* hungary */,
				7268C73F26E1526000BEDE03 /* romania */,
				7268C72226E14C0800BEDE03 /* ireland */,
				7249EB8C26DD0CDB00F660A4 /* greece */,
				7243167426DA58C500E9BEA3 /* austria */,
				7243166326DA3D1400E9BEA3 /* bulgaria */,
				72E7E3D426D80D1400E6B2DA /* slovakia */,
				721A8D0B26D5033700C04AD9 /* germany */,
				721A8D0526D502DA00C04AD9 /* estonia */,
				721A8CFF26D5025F00C04AD9 /* turkey */,
				721A8CEA26D501B900C04AD9 /* lithuania */,
				721A8CE026D500DB00C04AD9 /* moldova */,
				721A8CD726D4FFDE00C04AD9 /* czech */,
				721A8CCA26D4F4DE00C04AD9 /* poland */,
				7264B71026D43B0100DDD9B2 /* belarus */,
				722EE7FF26D2CE3A00A4A288 /* ukraine */,
				722EE7FE26D2CE2600A4A288 /* russia */,
			);
			path = json;
			sourceTree = "<group>";
		};
		72D4B1E326C17F840029AB3C = {
			isa = PBXGroup;
			children = (
				72D4B1EE26C17F840029AB3C /* Regions-Application */,
				72D4B20826C17F850029AB3C /* Regions-ApplicationTests */,
				72D4B21326C17F850029AB3C /* Regions-ApplicationUITests */,
				72D4B1ED26C17F840029AB3C /* Products */,
				62D948CFED5A27A5D4283174 /* Pods */,
				63D01F0EEEE74647EDF287F8 /* Frameworks */,
			);
			sourceTree = "<group>";
		};
		72D4B1ED26C17F840029AB3C /* Products */ = {
			isa = PBXGroup;
			children = (
				72D4B1EC26C17F840029AB3C /* Regions-Application.app */,
				72D4B20526C17F850029AB3C /* Regions-ApplicationTests.xctest */,
				72D4B21026C17F850029AB3C /* Regions-ApplicationUITests.xctest */,
			);
			name = Products;
			sourceTree = "<group>";
		};
		72D4B1EE26C17F840029AB3C /* Regions-Application */ = {
			isa = PBXGroup;
			children = (
				72E4A05A270F68390023C33B /* PageObject */,
				72909A8226E2817D007C227A /* Description */,
				72909A6326E27613007C227A /* PopUp */,
				728C98F926DB8DA3006AF3FA /* Recognition */,
				7288078626D1B89E00C670CB /* Extensions */,
				72CB74A626C7E61D007435AB /* Data */,
				72CB748E26C7BB0A007435AB /* Connection */,
				72CB748426C7BACE007435AB /* View */,
				72A11A7B26C45553004F8FCB /* Helpers */,
				72D4B1EF26C17F840029AB3C /* AppDelegate.swift */,
				72D4B1F126C17F840029AB3C /* SceneDelegate.swift */,
				72D4B1F526C17F840029AB3C /* Main.storyboard */,
				72D4B1FB26C17F850029AB3C /* Assets.xcassets */,
				72D4B1FD26C17F850029AB3C /* LaunchScreen.storyboard */,
				72D4B20026C17F850029AB3C /* Info.plist */,
				72D4B1F826C17F840029AB3C /* Regions_Application.xcdatamodeld */,
			);
			path = "Regions-Application";
			sourceTree = "<group>";
		};
		72D4B20826C17F850029AB3C /* Regions-ApplicationTests */ = {
			isa = PBXGroup;
			children = (
				72D4B20926C17F850029AB3C /* Regions_ApplicationTests.swift */,
				72D4B20B26C17F850029AB3C /* Info.plist */,
			);
			path = "Regions-ApplicationTests";
			sourceTree = "<group>";
		};
		72D4B21326C17F850029AB3C /* Regions-ApplicationUITests */ = {
			isa = PBXGroup;
			children = (
				72E4A067270F6AE90023C33B /* TestCases */,
				72D4B21426C17F850029AB3C /* Regions_ApplicationUITests.swift */,
				72D4B21626C17F850029AB3C /* Info.plist */,
			);
			path = "Regions-ApplicationUITests";
			sourceTree = "<group>";
		};
		72E31C01270763E800E54C63 /* hungary */ = {
			isa = PBXGroup;
			children = (
				72E31C022707640400E54C63 /* hungaryPerson.json */,
			);
			path = hungary;
			sourceTree = "<group>";
		};
		72E4A05A270F68390023C33B /* PageObject */ = {
			isa = PBXGroup;
			children = (
				72E4A05B270F685E0023C33B /* BaseCase.swift */,
				72E4A05D270F68D60023C33B /* Page.swift */,
				72E4A060270F69140023C33B /* MainPage.swift */,
				72E4A062270F69630023C33B /* RussiaPage.swift */,
				72E4A065270F6AA70023C33B /* MessagePage.swift */,
			);
			path = PageObject;
			sourceTree = "<group>";
		};
		72E4A067270F6AE90023C33B /* TestCases */ = {
			isa = PBXGroup;
			children = (
				72E4A068270F6B0D0023C33B /* SimplePageObjectTest.swift */,
			);
			path = TestCases;
			sourceTree = "<group>";
		};
		72E7E3D426D80D1400E6B2DA /* slovakia */ = {
			isa = PBXGroup;
			children = (
				72E7E3D526D80D3D00E6B2DA /* slovakiaPerson.json */,
			);
			path = slovakia;
			sourceTree = "<group>";
		};
/* End PBXGroup section */

/* Begin PBXNativeTarget section */
		72D4B1EB26C17F840029AB3C /* Regions-Application */ = {
			isa = PBXNativeTarget;
			buildConfigurationList = 72D4B21926C17F850029AB3C /* Build configuration list for PBXNativeTarget "Regions-Application" */;
			buildPhases = (
				22F7D66C9D53F24A2A67FF86 /* [CP] Check Pods Manifest.lock */,
				72D4B1E826C17F840029AB3C /* Sources */,
				72D4B1E926C17F840029AB3C /* Frameworks */,
				72D4B1EA26C17F840029AB3C /* Resources */,
				18AEC9FC439CD76515874D69 /* [CP] Embed Pods Frameworks */,
			);
			buildRules = (
			);
			dependencies = (
			);
			name = "Regions-Application";
			productName = "Regions-Application";
			productReference = 72D4B1EC26C17F840029AB3C /* Regions-Application.app */;
			productType = "com.apple.product-type.application";
		};
		72D4B20426C17F850029AB3C /* Regions-ApplicationTests */ = {
			isa = PBXNativeTarget;
			buildConfigurationList = 72D4B21C26C17F850029AB3C /* Build configuration list for PBXNativeTarget "Regions-ApplicationTests" */;
			buildPhases = (
				2EDE1AE468BDEA72A9E97386 /* [CP] Check Pods Manifest.lock */,
				72D4B20126C17F850029AB3C /* Sources */,
				72D4B20226C17F850029AB3C /* Frameworks */,
				72D4B20326C17F850029AB3C /* Resources */,
			);
			buildRules = (
			);
			dependencies = (
				72D4B20726C17F850029AB3C /* PBXTargetDependency */,
			);
			name = "Regions-ApplicationTests";
			productName = "Regions-ApplicationTests";
			productReference = 72D4B20526C17F850029AB3C /* Regions-ApplicationTests.xctest */;
			productType = "com.apple.product-type.bundle.unit-test";
		};
		72D4B20F26C17F850029AB3C /* Regions-ApplicationUITests */ = {
			isa = PBXNativeTarget;
			buildConfigurationList = 72D4B21F26C17F850029AB3C /* Build configuration list for PBXNativeTarget "Regions-ApplicationUITests" */;
			buildPhases = (
				EB0564488E5D249B45686438 /* [CP] Check Pods Manifest.lock */,
				72D4B20C26C17F850029AB3C /* Sources */,
				72D4B20D26C17F850029AB3C /* Frameworks */,
				72D4B20E26C17F850029AB3C /* Resources */,
				E48B53A6F2700AA259135D89 /* [CP] Embed Pods Frameworks */,
			);
			buildRules = (
			);
			dependencies = (
				72D4B21226C17F850029AB3C /* PBXTargetDependency */,
			);
			name = "Regions-ApplicationUITests";
			productName = "Regions-ApplicationUITests";
			productReference = 72D4B21026C17F850029AB3C /* Regions-ApplicationUITests.xctest */;
			productType = "com.apple.product-type.bundle.ui-testing";
		};
/* End PBXNativeTarget section */

/* Begin PBXProject section */
		72D4B1E426C17F840029AB3C /* Project object */ = {
			isa = PBXProject;
			attributes = {
				LastSwiftUpdateCheck = 1200;
				LastUpgradeCheck = 1200;
				TargetAttributes = {
					72D4B1EB26C17F840029AB3C = {
						CreatedOnToolsVersion = 12.0;
					};
					72D4B20426C17F850029AB3C = {
						CreatedOnToolsVersion = 12.0;
						TestTargetID = 72D4B1EB26C17F840029AB3C;
					};
					72D4B20F26C17F850029AB3C = {
						CreatedOnToolsVersion = 12.0;
						TestTargetID = 72D4B1EB26C17F840029AB3C;
					};
				};
			};
			buildConfigurationList = 72D4B1E726C17F840029AB3C /* Build configuration list for PBXProject "Regions-Application" */;
			compatibilityVersion = "Xcode 9.3";
			developmentRegion = en;
			hasScannedForEncodings = 0;
			knownRegions = (
				en,
				Base,
			);
			mainGroup = 72D4B1E326C17F840029AB3C;
			productRefGroup = 72D4B1ED26C17F840029AB3C /* Products */;
			projectDirPath = "";
			projectRoot = "";
			targets = (
				72D4B1EB26C17F840029AB3C /* Regions-Application */,
				72D4B20426C17F850029AB3C /* Regions-ApplicationTests */,
				72D4B20F26C17F850029AB3C /* Regions-ApplicationUITests */,
			);
		};
/* End PBXProject section */

/* Begin PBXResourcesBuildPhase section */
		72D4B1EA26C17F840029AB3C /* Resources */ = {
			isa = PBXResourcesBuildPhase;
			buildActionMask = 2147483647;
			files = (
				72E0974E26D2E55F007F3693 /* ukrainePerson.json in Resources */,
				7243166526DA3D2D00E9BEA3 /* bulgariaPerson.json in Resources */,
				729703B526C7F7C800CE82E5 /* MenuTableView.swift in Resources */,
				72FF843326D26545008F637C /* russiaMilitary.json in Resources */,
				7243167626DA58DB00E9BEA3 /* austriaPerson.json in Resources */,
				721A8CE226D5011000C04AD9 /* moldovaPerson.json in Resources */,
				729703B626C7F7C800CE82E5 /* RootViewController.swift in Resources */,
				721A8CCC26D4F4F300C04AD9 /* polandPerson.json in Resources */,
				721A8CFB26D5021800C04AD9 /* lithuaniaPerson.json in Resources */,
				7264B71226D43B1C00DDD9B2 /* belarusPerson.json in Resources */,
				721A8D0726D502EE00C04AD9 /* estoniaPerson.json in Resources */,
				7249EB8E26DD0CF200F660A4 /* greecePerson.json in Resources */,
				72E31C032707640400E54C63 /* hungaryPerson.json in Resources */,
				729703B726C7F7C800CE82E5 /* UkraineViewController.swift in Resources */,
				729703B826C7F7C800CE82E5 /* BelarusViewController.swift in Resources */,
				7268C74126E1527600BEDE03 /* romaniaPerson.json in Resources */,
				72F5992826D1965100706852 /* russiaDiplomatic.json in Resources */,
				721A8D0D26D5034D00C04AD9 /* germanyPerson.json in Resources */,
				7268C72426E14C2900BEDE03 /* irelandPerson.json in Resources */,
				729703B926C7F7C800CE82E5 /* RussiaViewController.swift in Resources */,
				721A8D0126D5027700C04AD9 /* turkeyPerson.json in Resources */,
				72D4B1FF26C17F850029AB3C /* LaunchScreen.storyboard in Resources */,
				72E7E3D626D80D3D00E6B2DA /* slovakiaPerson.json in Resources */,
				72D4B1FC26C17F850029AB3C /* Assets.xcassets in Resources */,
				72D667D426C862E600DAC2B4 /* russiaPerson.json in Resources */,
				729703B126C7F76A00CE82E5 /* Main.storyboard in Resources */,
				721A8CD926D4FFFD00C04AD9 /* czechPerson.json in Resources */,
			);
			runOnlyForDeploymentPostprocessing = 0;
		};
		72D4B20326C17F850029AB3C /* Resources */ = {
			isa = PBXResourcesBuildPhase;
			buildActionMask = 2147483647;
			files = (
			);
			runOnlyForDeploymentPostprocessing = 0;
		};
		72D4B20E26C17F850029AB3C /* Resources */ = {
			isa = PBXResourcesBuildPhase;
			buildActionMask = 2147483647;
			files = (
			);
			runOnlyForDeploymentPostprocessing = 0;
		};
/* End PBXResourcesBuildPhase section */

/* Begin PBXShellScriptBuildPhase section */
		18AEC9FC439CD76515874D69 /* [CP] Embed Pods Frameworks */ = {
			isa = PBXShellScriptBuildPhase;
			buildActionMask = 2147483647;
			files = (
			);
			inputFileListPaths = (
				"${PODS_ROOT}/Target Support Files/Pods-Regions-Application/Pods-Regions-Application-frameworks-${CONFIGURATION}-input-files.xcfilelist",
			);
			name = "[CP] Embed Pods Frameworks";
			outputFileListPaths = (
				"${PODS_ROOT}/Target Support Files/Pods-Regions-Application/Pods-Regions-Application-frameworks-${CONFIGURATION}-output-files.xcfilelist",
			);
			runOnlyForDeploymentPostprocessing = 0;
			shellPath = /bin/sh;
			shellScript = "\"${PODS_ROOT}/Target Support Files/Pods-Regions-Application/Pods-Regions-Application-frameworks.sh\"\n";
			showEnvVarsInLog = 0;
		};
		22F7D66C9D53F24A2A67FF86 /* [CP] Check Pods Manifest.lock */ = {
			isa = PBXShellScriptBuildPhase;
			buildActionMask = 2147483647;
			files = (
			);
			inputFileListPaths = (
			);
			inputPaths = (
				"${PODS_PODFILE_DIR_PATH}/Podfile.lock",
				"${PODS_ROOT}/Manifest.lock",
			);
			name = "[CP] Check Pods Manifest.lock";
			outputFileListPaths = (
			);
			outputPaths = (
				"$(DERIVED_FILE_DIR)/Pods-Regions-Application-checkManifestLockResult.txt",
			);
			runOnlyForDeploymentPostprocessing = 0;
			shellPath = /bin/sh;
			shellScript = "diff \"${PODS_PODFILE_DIR_PATH}/Podfile.lock\" \"${PODS_ROOT}/Manifest.lock\" > /dev/null\nif [ $? != 0 ] ; then\n    # print error to STDERR\n    echo \"error: The sandbox is not in sync with the Podfile.lock. Run 'pod install' or update your CocoaPods installation.\" >&2\n    exit 1\nfi\n# This output is used by Xcode 'outputs' to avoid re-running this script phase.\necho \"SUCCESS\" > \"${SCRIPT_OUTPUT_FILE_0}\"\n";
			showEnvVarsInLog = 0;
		};
		2EDE1AE468BDEA72A9E97386 /* [CP] Check Pods Manifest.lock */ = {
			isa = PBXShellScriptBuildPhase;
			buildActionMask = 2147483647;
			files = (
			);
			inputFileListPaths = (
			);
			inputPaths = (
				"${PODS_PODFILE_DIR_PATH}/Podfile.lock",
				"${PODS_ROOT}/Manifest.lock",
			);
			name = "[CP] Check Pods Manifest.lock";
			outputFileListPaths = (
			);
			outputPaths = (
				"$(DERIVED_FILE_DIR)/Pods-Regions-ApplicationTests-checkManifestLockResult.txt",
			);
			runOnlyForDeploymentPostprocessing = 0;
			shellPath = /bin/sh;
			shellScript = "diff \"${PODS_PODFILE_DIR_PATH}/Podfile.lock\" \"${PODS_ROOT}/Manifest.lock\" > /dev/null\nif [ $? != 0 ] ; then\n    # print error to STDERR\n    echo \"error: The sandbox is not in sync with the Podfile.lock. Run 'pod install' or update your CocoaPods installation.\" >&2\n    exit 1\nfi\n# This output is used by Xcode 'outputs' to avoid re-running this script phase.\necho \"SUCCESS\" > \"${SCRIPT_OUTPUT_FILE_0}\"\n";
			showEnvVarsInLog = 0;
		};
		E48B53A6F2700AA259135D89 /* [CP] Embed Pods Frameworks */ = {
			isa = PBXShellScriptBuildPhase;
			buildActionMask = 2147483647;
			files = (
			);
			inputFileListPaths = (
				"${PODS_ROOT}/Target Support Files/Pods-Regions-Application-Regions-ApplicationUITests/Pods-Regions-Application-Regions-ApplicationUITests-frameworks-${CONFIGURATION}-input-files.xcfilelist",
			);
			name = "[CP] Embed Pods Frameworks";
			outputFileListPaths = (
				"${PODS_ROOT}/Target Support Files/Pods-Regions-Application-Regions-ApplicationUITests/Pods-Regions-Application-Regions-ApplicationUITests-frameworks-${CONFIGURATION}-output-files.xcfilelist",
			);
			runOnlyForDeploymentPostprocessing = 0;
			shellPath = /bin/sh;
			shellScript = "\"${PODS_ROOT}/Target Support Files/Pods-Regions-Application-Regions-ApplicationUITests/Pods-Regions-Application-Regions-ApplicationUITests-frameworks.sh\"\n";
			showEnvVarsInLog = 0;
		};
		EB0564488E5D249B45686438 /* [CP] Check Pods Manifest.lock */ = {
			isa = PBXShellScriptBuildPhase;
			buildActionMask = 2147483647;
			files = (
			);
			inputFileListPaths = (
			);
			inputPaths = (
				"${PODS_PODFILE_DIR_PATH}/Podfile.lock",
				"${PODS_ROOT}/Manifest.lock",
			);
			name = "[CP] Check Pods Manifest.lock";
			outputFileListPaths = (
			);
			outputPaths = (
				"$(DERIVED_FILE_DIR)/Pods-Regions-Application-Regions-ApplicationUITests-checkManifestLockResult.txt",
			);
			runOnlyForDeploymentPostprocessing = 0;
			shellPath = /bin/sh;
			shellScript = "diff \"${PODS_PODFILE_DIR_PATH}/Podfile.lock\" \"${PODS_ROOT}/Manifest.lock\" > /dev/null\nif [ $? != 0 ] ; then\n    # print error to STDERR\n    echo \"error: The sandbox is not in sync with the Podfile.lock. Run 'pod install' or update your CocoaPods installation.\" >&2\n    exit 1\nfi\n# This output is used by Xcode 'outputs' to avoid re-running this script phase.\necho \"SUCCESS\" > \"${SCRIPT_OUTPUT_FILE_0}\"\n";
			showEnvVarsInLog = 0;
		};
/* End PBXShellScriptBuildPhase section */

/* Begin PBXSourcesBuildPhase section */
		72D4B1E826C17F840029AB3C /* Sources */ = {
			isa = PBXSourcesBuildPhase;
			buildActionMask = 2147483647;
			files = (
				7224632326C470DB00D7E215 /* UkraineViewController.swift in Sources */,
				7267D4BB26CEAAA2008021D1 /* PolandViewController.swift in Sources */,
				72CB749326C7BBAF007435AB /* BelarusViewController.swift in Sources */,
				7288078826D1B8D100C670CB /* TextFieldExtension.swift in Sources */,
				7268C71E26E14A1F00BEDE03 /* IrelandViewController.swift in Sources */,
				7224631E26C45FDB00D7E215 /* SlideTransition.swift in Sources */,
				728C98FB26DB8DC6006AF3FA /* ScanImageView.swift in Sources */,
				7249EB7926DD08FB00F660A4 /* GreeceViewController.swift in Sources */,
				72909A6526E27682007C227A /* UIView+Message.swift in Sources */,
				72A6F14A26CF07AB00E84774 /* CzechViewController.swift in Sources */,
				72FF218126D25F36004B98FC /* LithuaniaViewController.swift in Sources */,
				722A952726CB8E4800A45545 /* CameraViewController.swift in Sources */,
				723422E926E3642700E21AF6 /* MyPopUpShow.swift in Sources */,
				72D4B22626C180FF0029AB3C /* MenuTableView.swift in Sources */,
				72FF218626D25FA2004B98FC /* TurkeyViewController.swift in Sources */,
				72909A7626E27783007C227A /* MyPopUpView.swift in Sources */,
				7203DABA26C42C290057BA20 /* APIServices.swift in Sources */,
				72FF217C26D25ED3004B98FC /* MoldovaViewController.swift in Sources */,
				728C98F526DB8CB3006AF3FA /* ScanButton.swift in Sources */,
				72909A7B26E2781C007C227A /* SingelPopUpWindow.swift in Sources */,
				7243167026DA56E600E9BEA3 /* AustriaViewController.swift in Sources */,
				7203DAAB26C428FB0057BA20 /* RootViewController.swift in Sources */,
				7243165F26DA3A4100E9BEA3 /* BulgariaViewController.swift in Sources */,
				72D4B1FA26C17F840029AB3C /* Regions_Application.xcdatamodeld in Sources */,
				7288079026D1B93000C670CB /* ButtonExtension.swift in Sources */,
				72E16EAD26C432EF00FB3D57 /* Reachability.swift in Sources */,
				728C990326DB8E84006AF3FA /* OcrTextView.swift in Sources */,
				72E31C0027075F7000E54C63 /* HungaryViewController.swift in Sources */,
				72FF218B26D25FFE004B98FC /* EstoniaViewController.swift in Sources */,
				72D4B1F026C17F840029AB3C /* AppDelegate.swift in Sources */,
				729703AA26C7F6E500CE82E5 /* RussiaViewController.swift in Sources */,
				72A11A7D26C4556C004F8FCB /* Messages.swift in Sources */,
				7283375B26D6C5D50008CF90 /* UIViewController.swift in Sources */,
				72FF219026D260D8004B98FC /* GermanyViewController.swift in Sources */,
				727A4AC926C63C850093879A /* ReadJson.swift in Sources */,
				7274FD9526C9508000DF5D85 /* JsonLoader.swift in Sources */,
				72909A8426E28195007C227A /* Descriptions.swift in Sources */,
				72E7E3DB26D8157E00E6B2DA /* SlovakiaViewController.swift in Sources */,
				7274FD9026C93EA500DF5D85 /* AfterOneSecondTextField.swift in Sources */,
				72D4969326E556020054564C /* InfoViewController.swift in Sources */,
				72D4B1F226C17F840029AB3C /* SceneDelegate.swift in Sources */,
				72CB748026C7B8B7007435AB /* CustomButton.swift in Sources */,
				722A951826CB8B2B00A45545 /* Constants.swift in Sources */,
				7268C73B26E151E900BEDE03 /* RomaniaViewController.swift in Sources */,
			);
			runOnlyForDeploymentPostprocessing = 0;
		};
		72D4B20126C17F850029AB3C /* Sources */ = {
			isa = PBXSourcesBuildPhase;
			buildActionMask = 2147483647;
			files = (
				72D4B20A26C17F850029AB3C /* Regions_ApplicationTests.swift in Sources */,
			);
			runOnlyForDeploymentPostprocessing = 0;
		};
		72D4B20C26C17F850029AB3C /* Sources */ = {
			isa = PBXSourcesBuildPhase;
			buildActionMask = 2147483647;
			files = (
				72E4A064270F69760023C33B /* RussiaPage.swift in Sources */,
				72E4A05C270F685E0023C33B /* BaseCase.swift in Sources */,
				72E4A066270F6AA70023C33B /* MessagePage.swift in Sources */,
				72D4B21526C17F850029AB3C /* Regions_ApplicationUITests.swift in Sources */,
				72E4A069270F6B0D0023C33B /* SimplePageObjectTest.swift in Sources */,
				72E4A05F270F68E20023C33B /* Page.swift in Sources */,
				72E4A061270F69140023C33B /* MainPage.swift in Sources */,
			);
			runOnlyForDeploymentPostprocessing = 0;
		};
/* End PBXSourcesBuildPhase section */

/* Begin PBXTargetDependency section */
		72D4B20726C17F850029AB3C /* PBXTargetDependency */ = {
			isa = PBXTargetDependency;
			target = 72D4B1EB26C17F840029AB3C /* Regions-Application */;
			targetProxy = 72D4B20626C17F850029AB3C /* PBXContainerItemProxy */;
		};
		72D4B21226C17F850029AB3C /* PBXTargetDependency */ = {
			isa = PBXTargetDependency;
			target = 72D4B1EB26C17F840029AB3C /* Regions-Application */;
			targetProxy = 72D4B21126C17F850029AB3C /* PBXContainerItemProxy */;
		};
/* End PBXTargetDependency section */

/* Begin PBXVariantGroup section */
		72D4B1F526C17F840029AB3C /* Main.storyboard */ = {
			isa = PBXVariantGroup;
			children = (
				72D4B1F626C17F840029AB3C /* Base */,
			);
			name = Main.storyboard;
			sourceTree = "<group>";
		};
		72D4B1FD26C17F850029AB3C /* LaunchScreen.storyboard */ = {
			isa = PBXVariantGroup;
			children = (
				72D4B1FE26C17F850029AB3C /* Base */,
			);
			name = LaunchScreen.storyboard;
			sourceTree = "<group>";
		};
/* End PBXVariantGroup section */

/* Begin XCBuildConfiguration section */
		72D4B21726C17F850029AB3C /* Debug */ = {
			isa = XCBuildConfiguration;
			buildSettings = {
				ALWAYS_SEARCH_USER_PATHS = NO;
				CLANG_ANALYZER_NONNULL = YES;
				CLANG_ANALYZER_NUMBER_OBJECT_CONVERSION = YES_AGGRESSIVE;
				CLANG_CXX_LANGUAGE_STANDARD = "gnu++14";
				CLANG_CXX_LIBRARY = "libc++";
				CLANG_ENABLE_MODULES = YES;
				CLANG_ENABLE_OBJC_ARC = YES;
				CLANG_ENABLE_OBJC_WEAK = YES;
				CLANG_WARN_BLOCK_CAPTURE_AUTORELEASING = YES;
				CLANG_WARN_BOOL_CONVERSION = YES;
				CLANG_WARN_COMMA = YES;
				CLANG_WARN_CONSTANT_CONVERSION = YES;
				CLANG_WARN_DEPRECATED_OBJC_IMPLEMENTATIONS = YES;
				CLANG_WARN_DIRECT_OBJC_ISA_USAGE = YES_ERROR;
				CLANG_WARN_DOCUMENTATION_COMMENTS = YES;
				CLANG_WARN_EMPTY_BODY = YES;
				CLANG_WARN_ENUM_CONVERSION = YES;
				CLANG_WARN_INFINITE_RECURSION = YES;
				CLANG_WARN_INT_CONVERSION = YES;
				CLANG_WARN_NON_LITERAL_NULL_CONVERSION = YES;
				CLANG_WARN_OBJC_IMPLICIT_RETAIN_SELF = YES;
				CLANG_WARN_OBJC_LITERAL_CONVERSION = YES;
				CLANG_WARN_OBJC_ROOT_CLASS = YES_ERROR;
				CLANG_WARN_QUOTED_INCLUDE_IN_FRAMEWORK_HEADER = YES;
				CLANG_WARN_RANGE_LOOP_ANALYSIS = YES;
				CLANG_WARN_STRICT_PROTOTYPES = YES;
				CLANG_WARN_SUSPICIOUS_MOVE = YES;
				CLANG_WARN_UNGUARDED_AVAILABILITY = YES_AGGRESSIVE;
				CLANG_WARN_UNREACHABLE_CODE = YES;
				CLANG_WARN__DUPLICATE_METHOD_MATCH = YES;
				COPY_PHASE_STRIP = NO;
				DEBUG_INFORMATION_FORMAT = dwarf;
				ENABLE_STRICT_OBJC_MSGSEND = YES;
				ENABLE_TESTABILITY = YES;
				GCC_C_LANGUAGE_STANDARD = gnu11;
				GCC_DYNAMIC_NO_PIC = NO;
				GCC_NO_COMMON_BLOCKS = YES;
				GCC_OPTIMIZATION_LEVEL = 0;
				GCC_PREPROCESSOR_DEFINITIONS = (
					"DEBUG=1",
					"$(inherited)",
				);
				GCC_WARN_64_TO_32_BIT_CONVERSION = YES;
				GCC_WARN_ABOUT_RETURN_TYPE = YES_ERROR;
				GCC_WARN_UNDECLARED_SELECTOR = YES;
				GCC_WARN_UNINITIALIZED_AUTOS = YES_AGGRESSIVE;
				GCC_WARN_UNUSED_FUNCTION = YES;
				GCC_WARN_UNUSED_VARIABLE = YES;
				IPHONEOS_DEPLOYMENT_TARGET = 14.0;
				MTL_ENABLE_DEBUG_INFO = INCLUDE_SOURCE;
				MTL_FAST_MATH = YES;
				ONLY_ACTIVE_ARCH = YES;
				SDKROOT = iphoneos;
				SWIFT_ACTIVE_COMPILATION_CONDITIONS = DEBUG;
				SWIFT_OPTIMIZATION_LEVEL = "-Onone";
			};
			name = Debug;
		};
		72D4B21826C17F850029AB3C /* Release */ = {
			isa = XCBuildConfiguration;
			buildSettings = {
				ALWAYS_SEARCH_USER_PATHS = NO;
				CLANG_ANALYZER_NONNULL = YES;
				CLANG_ANALYZER_NUMBER_OBJECT_CONVERSION = YES_AGGRESSIVE;
				CLANG_CXX_LANGUAGE_STANDARD = "gnu++14";
				CLANG_CXX_LIBRARY = "libc++";
				CLANG_ENABLE_MODULES = YES;
				CLANG_ENABLE_OBJC_ARC = YES;
				CLANG_ENABLE_OBJC_WEAK = YES;
				CLANG_WARN_BLOCK_CAPTURE_AUTORELEASING = YES;
				CLANG_WARN_BOOL_CONVERSION = YES;
				CLANG_WARN_COMMA = YES;
				CLANG_WARN_CONSTANT_CONVERSION = YES;
				CLANG_WARN_DEPRECATED_OBJC_IMPLEMENTATIONS = YES;
				CLANG_WARN_DIRECT_OBJC_ISA_USAGE = YES_ERROR;
				CLANG_WARN_DOCUMENTATION_COMMENTS = YES;
				CLANG_WARN_EMPTY_BODY = YES;
				CLANG_WARN_ENUM_CONVERSION = YES;
				CLANG_WARN_INFINITE_RECURSION = YES;
				CLANG_WARN_INT_CONVERSION = YES;
				CLANG_WARN_NON_LITERAL_NULL_CONVERSION = YES;
				CLANG_WARN_OBJC_IMPLICIT_RETAIN_SELF = YES;
				CLANG_WARN_OBJC_LITERAL_CONVERSION = YES;
				CLANG_WARN_OBJC_ROOT_CLASS = YES_ERROR;
				CLANG_WARN_QUOTED_INCLUDE_IN_FRAMEWORK_HEADER = YES;
				CLANG_WARN_RANGE_LOOP_ANALYSIS = YES;
				CLANG_WARN_STRICT_PROTOTYPES = YES;
				CLANG_WARN_SUSPICIOUS_MOVE = YES;
				CLANG_WARN_UNGUARDED_AVAILABILITY = YES_AGGRESSIVE;
				CLANG_WARN_UNREACHABLE_CODE = YES;
				CLANG_WARN__DUPLICATE_METHOD_MATCH = YES;
				COPY_PHASE_STRIP = NO;
				DEBUG_INFORMATION_FORMAT = "dwarf-with-dsym";
				ENABLE_NS_ASSERTIONS = NO;
				ENABLE_STRICT_OBJC_MSGSEND = YES;
				GCC_C_LANGUAGE_STANDARD = gnu11;
				GCC_NO_COMMON_BLOCKS = YES;
				GCC_WARN_64_TO_32_BIT_CONVERSION = YES;
				GCC_WARN_ABOUT_RETURN_TYPE = YES_ERROR;
				GCC_WARN_UNDECLARED_SELECTOR = YES;
				GCC_WARN_UNINITIALIZED_AUTOS = YES_AGGRESSIVE;
				GCC_WARN_UNUSED_FUNCTION = YES;
				GCC_WARN_UNUSED_VARIABLE = YES;
				IPHONEOS_DEPLOYMENT_TARGET = 14.0;
				MTL_ENABLE_DEBUG_INFO = NO;
				MTL_FAST_MATH = YES;
				SDKROOT = iphoneos;
				SWIFT_COMPILATION_MODE = wholemodule;
				SWIFT_OPTIMIZATION_LEVEL = "-O";
				VALIDATE_PRODUCT = YES;
			};
			name = Release;
		};
		72D4B21A26C17F850029AB3C /* Debug */ = {
			isa = XCBuildConfiguration;
			baseConfigurationReference = 354A2027BC5DBCB65A4CAB6F /* Pods-Regions-Application.debug.xcconfig */;
			buildSettings = {
				ASSETCATALOG_COMPILER_APPICON_NAME = "";
				ASSETCATALOG_COMPILER_GLOBAL_ACCENT_COLOR_NAME = AccentColor;
				CODE_SIGN_STYLE = Automatic;
				DEVELOPMENT_TEAM = B5T9HL953S;
				INFOPLIST_FILE = "Regions-Application/Info.plist";
				IPHONEOS_DEPLOYMENT_TARGET = 14.0;
				LD_RUNPATH_SEARCH_PATHS = (
					"$(inherited)",
					"@executable_path/Frameworks",
				);
				PRODUCT_BUNDLE_IDENTIFIER = "site.engineer-test.Regions-Application";
				PRODUCT_NAME = "$(TARGET_NAME)";
				SWIFT_VERSION = 5.0;
				TARGETED_DEVICE_FAMILY = 1;
			};
			name = Debug;
		};
		72D4B21B26C17F850029AB3C /* Release */ = {
			isa = XCBuildConfiguration;
			baseConfigurationReference = 60A3AE642895E20BD1677303 /* Pods-Regions-Application.release.xcconfig */;
			buildSettings = {
				ASSETCATALOG_COMPILER_APPICON_NAME = "";
				ASSETCATALOG_COMPILER_GLOBAL_ACCENT_COLOR_NAME = AccentColor;
				CODE_SIGN_IDENTITY = "Apple Development";
				CODE_SIGN_STYLE = Automatic;
				DEVELOPMENT_TEAM = B5T9HL953S;
				INFOPLIST_FILE = "Regions-Application/Info.plist";
				IPHONEOS_DEPLOYMENT_TARGET = 14.0;
				LD_RUNPATH_SEARCH_PATHS = (
					"$(inherited)",
					"@executable_path/Frameworks",
				);
				PRODUCT_BUNDLE_IDENTIFIER = "site.engineer-test.Regions-Application";
				PRODUCT_NAME = "$(TARGET_NAME)";
				PROVISIONING_PROFILE_SPECIFIER = "";
				SWIFT_VERSION = 5.0;
				TARGETED_DEVICE_FAMILY = 1;
			};
			name = Release;
		};
		72D4B21D26C17F850029AB3C /* Debug */ = {
			isa = XCBuildConfiguration;
			baseConfigurationReference = D0DCAE0E2623332AA13EADC0 /* Pods-Regions-ApplicationTests.debug.xcconfig */;
			buildSettings = {
				ALWAYS_EMBED_SWIFT_STANDARD_LIBRARIES = YES;
				BUNDLE_LOADER = "$(TEST_HOST)";
				CODE_SIGN_STYLE = Automatic;
				DEVELOPMENT_TEAM = B5T9HL953S;
				INFOPLIST_FILE = "Regions-ApplicationTests/Info.plist";
				IPHONEOS_DEPLOYMENT_TARGET = 14.0;
				LD_RUNPATH_SEARCH_PATHS = (
					"$(inherited)",
					"@executable_path/Frameworks",
					"@loader_path/Frameworks",
				);
				PRODUCT_BUNDLE_IDENTIFIER = "site.test-engineer.Regions-ApplicationTests";
				PRODUCT_NAME = "$(TARGET_NAME)";
				SWIFT_VERSION = 5.0;
				TARGETED_DEVICE_FAMILY = "1,2";
				TEST_HOST = "$(BUILT_PRODUCTS_DIR)/Regions-Application.app/Regions-Application";
			};
			name = Debug;
		};
		72D4B21E26C17F850029AB3C /* Release */ = {
			isa = XCBuildConfiguration;
			baseConfigurationReference = DF5A87C19A9838BC3B967BA1 /* Pods-Regions-ApplicationTests.release.xcconfig */;
			buildSettings = {
				ALWAYS_EMBED_SWIFT_STANDARD_LIBRARIES = YES;
				BUNDLE_LOADER = "$(TEST_HOST)";
				CODE_SIGN_STYLE = Automatic;
				DEVELOPMENT_TEAM = B5T9HL953S;
				INFOPLIST_FILE = "Regions-ApplicationTests/Info.plist";
				IPHONEOS_DEPLOYMENT_TARGET = 14.0;
				LD_RUNPATH_SEARCH_PATHS = (
					"$(inherited)",
					"@executable_path/Frameworks",
					"@loader_path/Frameworks",
				);
				PRODUCT_BUNDLE_IDENTIFIER = "site.test-engineer.Regions-ApplicationTests";
				PRODUCT_NAME = "$(TARGET_NAME)";
				SWIFT_VERSION = 5.0;
				TARGETED_DEVICE_FAMILY = "1,2";
				TEST_HOST = "$(BUILT_PRODUCTS_DIR)/Regions-Application.app/Regions-Application";
			};
			name = Release;
		};
		72D4B22026C17F850029AB3C /* Debug */ = {
			isa = XCBuildConfiguration;
			baseConfigurationReference = 2D99F8390AB2BAAEF33BCA62 /* Pods-Regions-Application-Regions-ApplicationUITests.debug.xcconfig */;
			buildSettings = {
				ALWAYS_EMBED_SWIFT_STANDARD_LIBRARIES = YES;
				CODE_SIGN_STYLE = Automatic;
				DEVELOPMENT_TEAM = B5T9HL953S;
				INFOPLIST_FILE = "Regions-ApplicationUITests/Info.plist";
				LD_RUNPATH_SEARCH_PATHS = (
					"$(inherited)",
					"@executable_path/Frameworks",
					"@loader_path/Frameworks",
				);
				PRODUCT_BUNDLE_IDENTIFIER = "site.test-engineer.Regions-ApplicationUITests";
				PRODUCT_NAME = "$(TARGET_NAME)";
				SWIFT_VERSION = 5.0;
				TARGETED_DEVICE_FAMILY = "1,2";
				TEST_TARGET_NAME = "Regions-Application";
			};
			name = Debug;
		};
		72D4B22126C17F850029AB3C /* Release */ = {
			isa = XCBuildConfiguration;
			baseConfigurationReference = A63C7C07877B56AFBD81CFD3 /* Pods-Regions-Application-Regions-ApplicationUITests.release.xcconfig */;
			buildSettings = {
				ALWAYS_EMBED_SWIFT_STANDARD_LIBRARIES = YES;
				CODE_SIGN_STYLE = Automatic;
				DEVELOPMENT_TEAM = B5T9HL953S;
				INFOPLIST_FILE = "Regions-ApplicationUITests/Info.plist";
				LD_RUNPATH_SEARCH_PATHS = (
					"$(inherited)",
					"@executable_path/Frameworks",
					"@loader_path/Frameworks",
				);
				PRODUCT_BUNDLE_IDENTIFIER = "site.test-engineer.Regions-ApplicationUITests";
				PRODUCT_NAME = "$(TARGET_NAME)";
				SWIFT_VERSION = 5.0;
				TARGETED_DEVICE_FAMILY = "1,2";
				TEST_TARGET_NAME = "Regions-Application";
			};
			name = Release;
		};
/* End XCBuildConfiguration section */

/* Begin XCConfigurationList section */
		72D4B1E726C17F840029AB3C /* Build configuration list for PBXProject "Regions-Application" */ = {
			isa = XCConfigurationList;
			buildConfigurations = (
				72D4B21726C17F850029AB3C /* Debug */,
				72D4B21826C17F850029AB3C /* Release */,
			);
			defaultConfigurationIsVisible = 0;
			defaultConfigurationName = Release;
		};
		72D4B21926C17F850029AB3C /* Build configuration list for PBXNativeTarget "Regions-Application" */ = {
			isa = XCConfigurationList;
			buildConfigurations = (
				72D4B21A26C17F850029AB3C /* Debug */,
				72D4B21B26C17F850029AB3C /* Release */,
			);
			defaultConfigurationIsVisible = 0;
			defaultConfigurationName = Release;
		};
		72D4B21C26C17F850029AB3C /* Build configuration list for PBXNativeTarget "Regions-ApplicationTests" */ = {
			isa = XCConfigurationList;
			buildConfigurations = (
				72D4B21D26C17F850029AB3C /* Debug */,
				72D4B21E26C17F850029AB3C /* Release */,
			);
			defaultConfigurationIsVisible = 0;
			defaultConfigurationName = Release;
		};
		72D4B21F26C17F850029AB3C /* Build configuration list for PBXNativeTarget "Regions-ApplicationUITests" */ = {
			isa = XCConfigurationList;
			buildConfigurations = (
				72D4B22026C17F850029AB3C /* Debug */,
				72D4B22126C17F850029AB3C /* Release */,
			);
			defaultConfigurationIsVisible = 0;
			defaultConfigurationName = Release;
		};
/* End XCConfigurationList section */

/* Begin XCVersionGroup section */
		72D4B1F826C17F840029AB3C /* Regions_Application.xcdatamodeld */ = {
			isa = XCVersionGroup;
			children = (
				72D4B1F926C17F840029AB3C /* Regions_Application.xcdatamodel */,
			);
			currentVersion = 72D4B1F926C17F840029AB3C /* Regions_Application.xcdatamodel */;
			path = Regions_Application.xcdatamodeld;
			sourceTree = "<group>";
			versionGroupType = wrapper.xcdatamodel;
		};
/* End XCVersionGroup section */
	};
	rootObject = 72D4B1E426C17F840029AB3C /* Project object */;
}
